
Microsoft Visual Studio Solution File, Format Version 12.00
# Visual Studio Version 17
VisualStudioVersion = 17.0.31903.59
MinimumVisualStudioVersion = 10.0.40219.1
Project("{9A19103F-16F7-4668-BE54-9A1E7A4F7556}") = "TeachingRecordSystem.Api", "src\TeachingRecordSystem.Api\TeachingRecordSystem.Api.csproj", "{051023DD-EAFE-4CDF-B4B0-ECF3C0AFDEF4}"
EndProject
Project("{9A19103F-16F7-4668-BE54-9A1E7A4F7556}") = "TeachingRecordSystem.Api.IntegrationTests", "tests\TeachingRecordSystem.Api.IntegrationTests\TeachingRecordSystem.Api.IntegrationTests.csproj", "{963D2704-ADB2-4A7F-9B96-0C09D657D5F6}"
EndProject
Project("{2150E333-8FDC-42A3-9474-1A3956D46DE8}") = "Solution Items", "Solution Items", "{725CB1F7-790A-4659-AC2F-38051CC34685}"
	ProjectSection(SolutionItems) = preProject
		..\.editorconfig = ..\.editorconfig
		Directory.Build.props = Directory.Build.props
		Directory.Packages.props = Directory.Packages.props
		Dockerfile = Dockerfile
		..\justfile = ..\justfile
		nuget.config = nuget.config
		..\README.md = ..\README.md
	EndProjectSection
EndProject
Project("{9A19103F-16F7-4668-BE54-9A1E7A4F7556}") = "TeachingRecordSystem.TestCommon", "tests\TeachingRecordSystem.TestCommon\TeachingRecordSystem.TestCommon.csproj", "{DFE6654C-3222-4B20-A871-79581928D3B2}"
EndProject
Project("{2150E333-8FDC-42A3-9474-1A3956D46DE8}") = "src", "src", "{837E2941-F1CC-41EF-A652-B605101B2E84}"
EndProject
Project("{2150E333-8FDC-42A3-9474-1A3956D46DE8}") = "tests", "tests", "{91DCFC76-6636-4AC1-B81C-7F8AE1F22116}"
EndProject
Project("{9A19103F-16F7-4668-BE54-9A1E7A4F7556}") = "TeachingRecordSystem.Cli", "src\TeachingRecordSystem.Cli\TeachingRecordSystem.Cli.csproj", "{2956469E-A5F8-4874-BA08-DF6A166F820A}"
EndProject
Project("{9A19103F-16F7-4668-BE54-9A1E7A4F7556}") = "TeachingRecordSystem.SupportUi", "src\TeachingRecordSystem.SupportUi\TeachingRecordSystem.SupportUi.csproj", "{FAD940B2-3176-4D4E-856F-2618763F1B7E}"
EndProject
Project("{9A19103F-16F7-4668-BE54-9A1E7A4F7556}") = "TeachingRecordSystem.Core", "src\TeachingRecordSystem.Core\TeachingRecordSystem.Core.csproj", "{BB84ECB4-583D-4068-9A66-883233661594}"
EndProject
Project("{9A19103F-16F7-4668-BE54-9A1E7A4F7556}") = "TeachingRecordSystem.Core.Dqt.CrmIntegrationTests", "tests\TeachingRecordSystem.Core.Dqt.CrmIntegrationTests\TeachingRecordSystem.Core.Dqt.CrmIntegrationTests.csproj", "{99B4311C-BD30-4370-BA4F-61BFA7B802FA}"
EndProject
Project("{9A19103F-16F7-4668-BE54-9A1E7A4F7556}") = "TeachingRecordSystem.Core.Tests", "tests\TeachingRecordSystem.Core.Tests\TeachingRecordSystem.Core.Tests.csproj", "{3380ADC3-A691-4B07-9FE3-CB5306974965}"
EndProject
Project("{9A19103F-16F7-4668-BE54-9A1E7A4F7556}") = "TeachingRecordSystem.SupportUi.EndToEndTests", "tests\TeachingRecordSystem.SupportUi.EndToEndTests\TeachingRecordSystem.SupportUi.EndToEndTests.csproj", "{EB46905A-F7B4-4BDC-B376-6091264D6303}"
EndProject
Project("{9A19103F-16F7-4668-BE54-9A1E7A4F7556}") = "TeachingRecordSystem.SupportUi.Tests", "tests\TeachingRecordSystem.SupportUi.Tests\TeachingRecordSystem.SupportUi.Tests.csproj", "{407EB5A5-8B4F-4F7D-80BA-E39AB6AD013C}"
EndProject
Project("{9A19103F-16F7-4668-BE54-9A1E7A4F7556}") = "TeachingRecordSystem.Worker", "src\TeachingRecordSystem.Worker\TeachingRecordSystem.Worker.csproj", "{E7D4BCFD-E610-41E2-B209-0BE13799C7A8}"
EndProject
Project("{9A19103F-16F7-4668-BE54-9A1E7A4F7556}") = "TeachingRecordSystem.AuthorizeAccess", "src\TeachingRecordSystem.AuthorizeAccess\TeachingRecordSystem.AuthorizeAccess.csproj", "{960D652A-7CB1-4EB5-9813-0CEC0BC6AB6C}"
EndProject
Project("{9A19103F-16F7-4668-BE54-9A1E7A4F7556}") = "TeachingRecordSystem.WebCommon", "src\TeachingRecordSystem.WebCommon\TeachingRecordSystem.WebCommon.csproj", "{3B40F089-387D-4721-A79D-1C39E682D550}"
EndProject
Project("{9A19103F-16F7-4668-BE54-9A1E7A4F7556}") = "TeachingRecordSystem.WebCommon.Tests", "tests\TeachingRecordSystem.WebCommon.Tests\TeachingRecordSystem.WebCommon.Tests.csproj", "{8F71F933-72A9-4512-89A1-B28ACEC38BC4}"
EndProject
Project("{9A19103F-16F7-4668-BE54-9A1E7A4F7556}") = "TeachingRecordSystem.AuthorizeAccess.Tests", "tests\TeachingRecordSystem.AuthorizeAccess.Tests\TeachingRecordSystem.AuthorizeAccess.Tests.csproj", "{08E99A19-AD1F-4F95-BF13-31248D486799}"
EndProject
Project("{9A19103F-16F7-4668-BE54-9A1E7A4F7556}") = "TeachingRecordSystem.UiTestCommon", "tests\TeachingRecordSystem.UiTestCommon\TeachingRecordSystem.UiTestCommon.csproj", "{B22223A8-9CB0-4B60-B516-18FD684CF01D}"
EndProject
Project("{9A19103F-16F7-4668-BE54-9A1E7A4F7556}") = "TeachingRecordSystem.AuthorizeAccess.EndToEndTests", "tests\TeachingRecordSystem.AuthorizeAccess.EndToEndTests\TeachingRecordSystem.AuthorizeAccess.EndToEndTests.csproj", "{2D7946CB-44D2-431D-A9E1-A4472FACC1DC}"
EndProject
Project("{FAE04EC0-301F-11D3-BF4B-00C04F79EFBC}") = "TeachingRecordSystem.Api.UnitTests", "tests\TeachingRecordSystem.Api.UnitTests\TeachingRecordSystem.Api.UnitTests.csproj", "{6AC91DA6-EBC0-4820-AD1C-2137A4188F57}"
EndProject
Global
	GlobalSection(SolutionConfigurationPlatforms) = preSolution
		Debug|Any CPU = Debug|Any CPU
		Debug|x64 = Debug|x64
		Debug|x86 = Debug|x86
		Release|Any CPU = Release|Any CPU
		Release|x64 = Release|x64
		Release|x86 = Release|x86
	EndGlobalSection
	GlobalSection(ProjectConfigurationPlatforms) = postSolution
		{051023DD-EAFE-4CDF-B4B0-ECF3C0AFDEF4}.Debug|Any CPU.ActiveCfg = Debug|Any CPU
		{051023DD-EAFE-4CDF-B4B0-ECF3C0AFDEF4}.Debug|Any CPU.Build.0 = Debug|Any CPU
		{051023DD-EAFE-4CDF-B4B0-ECF3C0AFDEF4}.Debug|x64.ActiveCfg = Debug|Any CPU
		{051023DD-EAFE-4CDF-B4B0-ECF3C0AFDEF4}.Debug|x64.Build.0 = Debug|Any CPU
		{051023DD-EAFE-4CDF-B4B0-ECF3C0AFDEF4}.Debug|x86.ActiveCfg = Debug|Any CPU
		{051023DD-EAFE-4CDF-B4B0-ECF3C0AFDEF4}.Debug|x86.Build.0 = Debug|Any CPU
		{051023DD-EAFE-4CDF-B4B0-ECF3C0AFDEF4}.Release|Any CPU.ActiveCfg = Release|Any CPU
		{051023DD-EAFE-4CDF-B4B0-ECF3C0AFDEF4}.Release|Any CPU.Build.0 = Release|Any CPU
		{051023DD-EAFE-4CDF-B4B0-ECF3C0AFDEF4}.Release|x64.ActiveCfg = Release|Any CPU
		{051023DD-EAFE-4CDF-B4B0-ECF3C0AFDEF4}.Release|x64.Build.0 = Release|Any CPU
		{051023DD-EAFE-4CDF-B4B0-ECF3C0AFDEF4}.Release|x86.ActiveCfg = Release|Any CPU
		{051023DD-EAFE-4CDF-B4B0-ECF3C0AFDEF4}.Release|x86.Build.0 = Release|Any CPU
		{963D2704-ADB2-4A7F-9B96-0C09D657D5F6}.Debug|Any CPU.ActiveCfg = Debug|Any CPU
		{963D2704-ADB2-4A7F-9B96-0C09D657D5F6}.Debug|Any CPU.Build.0 = Debug|Any CPU
		{963D2704-ADB2-4A7F-9B96-0C09D657D5F6}.Debug|x64.ActiveCfg = Debug|Any CPU
		{963D2704-ADB2-4A7F-9B96-0C09D657D5F6}.Debug|x64.Build.0 = Debug|Any CPU
		{963D2704-ADB2-4A7F-9B96-0C09D657D5F6}.Debug|x86.ActiveCfg = Debug|Any CPU
		{963D2704-ADB2-4A7F-9B96-0C09D657D5F6}.Debug|x86.Build.0 = Debug|Any CPU
		{963D2704-ADB2-4A7F-9B96-0C09D657D5F6}.Release|Any CPU.ActiveCfg = Release|Any CPU
		{963D2704-ADB2-4A7F-9B96-0C09D657D5F6}.Release|Any CPU.Build.0 = Release|Any CPU
		{963D2704-ADB2-4A7F-9B96-0C09D657D5F6}.Release|x64.ActiveCfg = Release|Any CPU
		{963D2704-ADB2-4A7F-9B96-0C09D657D5F6}.Release|x64.Build.0 = Release|Any CPU
		{963D2704-ADB2-4A7F-9B96-0C09D657D5F6}.Release|x86.ActiveCfg = Release|Any CPU
		{963D2704-ADB2-4A7F-9B96-0C09D657D5F6}.Release|x86.Build.0 = Release|Any CPU
		{DFE6654C-3222-4B20-A871-79581928D3B2}.Debug|Any CPU.ActiveCfg = Debug|Any CPU
		{DFE6654C-3222-4B20-A871-79581928D3B2}.Debug|Any CPU.Build.0 = Debug|Any CPU
		{DFE6654C-3222-4B20-A871-79581928D3B2}.Debug|x64.ActiveCfg = Debug|Any CPU
		{DFE6654C-3222-4B20-A871-79581928D3B2}.Debug|x64.Build.0 = Debug|Any CPU
		{DFE6654C-3222-4B20-A871-79581928D3B2}.Debug|x86.ActiveCfg = Debug|Any CPU
		{DFE6654C-3222-4B20-A871-79581928D3B2}.Debug|x86.Build.0 = Debug|Any CPU
		{DFE6654C-3222-4B20-A871-79581928D3B2}.Release|Any CPU.ActiveCfg = Release|Any CPU
		{DFE6654C-3222-4B20-A871-79581928D3B2}.Release|Any CPU.Build.0 = Release|Any CPU
		{DFE6654C-3222-4B20-A871-79581928D3B2}.Release|x64.ActiveCfg = Release|Any CPU
		{DFE6654C-3222-4B20-A871-79581928D3B2}.Release|x64.Build.0 = Release|Any CPU
		{DFE6654C-3222-4B20-A871-79581928D3B2}.Release|x86.ActiveCfg = Release|Any CPU
		{DFE6654C-3222-4B20-A871-79581928D3B2}.Release|x86.Build.0 = Release|Any CPU
		{2956469E-A5F8-4874-BA08-DF6A166F820A}.Debug|Any CPU.ActiveCfg = Debug|Any CPU
		{2956469E-A5F8-4874-BA08-DF6A166F820A}.Debug|Any CPU.Build.0 = Debug|Any CPU
		{2956469E-A5F8-4874-BA08-DF6A166F820A}.Debug|x64.ActiveCfg = Debug|Any CPU
		{2956469E-A5F8-4874-BA08-DF6A166F820A}.Debug|x64.Build.0 = Debug|Any CPU
		{2956469E-A5F8-4874-BA08-DF6A166F820A}.Debug|x86.ActiveCfg = Debug|Any CPU
		{2956469E-A5F8-4874-BA08-DF6A166F820A}.Debug|x86.Build.0 = Debug|Any CPU
		{2956469E-A5F8-4874-BA08-DF6A166F820A}.Release|Any CPU.ActiveCfg = Release|Any CPU
		{2956469E-A5F8-4874-BA08-DF6A166F820A}.Release|Any CPU.Build.0 = Release|Any CPU
		{2956469E-A5F8-4874-BA08-DF6A166F820A}.Release|x64.ActiveCfg = Release|Any CPU
		{2956469E-A5F8-4874-BA08-DF6A166F820A}.Release|x64.Build.0 = Release|Any CPU
		{2956469E-A5F8-4874-BA08-DF6A166F820A}.Release|x86.ActiveCfg = Release|Any CPU
		{2956469E-A5F8-4874-BA08-DF6A166F820A}.Release|x86.Build.0 = Release|Any CPU
		{FAD940B2-3176-4D4E-856F-2618763F1B7E}.Debug|Any CPU.ActiveCfg = Debug|Any CPU
		{FAD940B2-3176-4D4E-856F-2618763F1B7E}.Debug|Any CPU.Build.0 = Debug|Any CPU
		{FAD940B2-3176-4D4E-856F-2618763F1B7E}.Debug|x64.ActiveCfg = Debug|Any CPU
		{FAD940B2-3176-4D4E-856F-2618763F1B7E}.Debug|x64.Build.0 = Debug|Any CPU
		{FAD940B2-3176-4D4E-856F-2618763F1B7E}.Debug|x86.ActiveCfg = Debug|Any CPU
		{FAD940B2-3176-4D4E-856F-2618763F1B7E}.Debug|x86.Build.0 = Debug|Any CPU
		{FAD940B2-3176-4D4E-856F-2618763F1B7E}.Release|Any CPU.ActiveCfg = Release|Any CPU
		{FAD940B2-3176-4D4E-856F-2618763F1B7E}.Release|Any CPU.Build.0 = Release|Any CPU
		{FAD940B2-3176-4D4E-856F-2618763F1B7E}.Release|x64.ActiveCfg = Release|Any CPU
		{FAD940B2-3176-4D4E-856F-2618763F1B7E}.Release|x64.Build.0 = Release|Any CPU
		{FAD940B2-3176-4D4E-856F-2618763F1B7E}.Release|x86.ActiveCfg = Release|Any CPU
		{FAD940B2-3176-4D4E-856F-2618763F1B7E}.Release|x86.Build.0 = Release|Any CPU
		{BB84ECB4-583D-4068-9A66-883233661594}.Debug|Any CPU.ActiveCfg = Debug|Any CPU
		{BB84ECB4-583D-4068-9A66-883233661594}.Debug|Any CPU.Build.0 = Debug|Any CPU
		{BB84ECB4-583D-4068-9A66-883233661594}.Debug|x64.ActiveCfg = Debug|Any CPU
		{BB84ECB4-583D-4068-9A66-883233661594}.Debug|x64.Build.0 = Debug|Any CPU
		{BB84ECB4-583D-4068-9A66-883233661594}.Debug|x86.ActiveCfg = Debug|Any CPU
		{BB84ECB4-583D-4068-9A66-883233661594}.Debug|x86.Build.0 = Debug|Any CPU
		{BB84ECB4-583D-4068-9A66-883233661594}.Release|Any CPU.ActiveCfg = Release|Any CPU
		{BB84ECB4-583D-4068-9A66-883233661594}.Release|Any CPU.Build.0 = Release|Any CPU
		{BB84ECB4-583D-4068-9A66-883233661594}.Release|x64.ActiveCfg = Release|Any CPU
		{BB84ECB4-583D-4068-9A66-883233661594}.Release|x64.Build.0 = Release|Any CPU
		{BB84ECB4-583D-4068-9A66-883233661594}.Release|x86.ActiveCfg = Release|Any CPU
		{BB84ECB4-583D-4068-9A66-883233661594}.Release|x86.Build.0 = Release|Any CPU
		{99B4311C-BD30-4370-BA4F-61BFA7B802FA}.Debug|Any CPU.ActiveCfg = Debug|Any CPU
		{99B4311C-BD30-4370-BA4F-61BFA7B802FA}.Debug|Any CPU.Build.0 = Debug|Any CPU
		{99B4311C-BD30-4370-BA4F-61BFA7B802FA}.Debug|x64.ActiveCfg = Debug|Any CPU
		{99B4311C-BD30-4370-BA4F-61BFA7B802FA}.Debug|x64.Build.0 = Debug|Any CPU
		{99B4311C-BD30-4370-BA4F-61BFA7B802FA}.Debug|x86.ActiveCfg = Debug|Any CPU
		{99B4311C-BD30-4370-BA4F-61BFA7B802FA}.Debug|x86.Build.0 = Debug|Any CPU
		{99B4311C-BD30-4370-BA4F-61BFA7B802FA}.Release|Any CPU.ActiveCfg = Release|Any CPU
		{99B4311C-BD30-4370-BA4F-61BFA7B802FA}.Release|Any CPU.Build.0 = Release|Any CPU
		{99B4311C-BD30-4370-BA4F-61BFA7B802FA}.Release|x64.ActiveCfg = Release|Any CPU
		{99B4311C-BD30-4370-BA4F-61BFA7B802FA}.Release|x64.Build.0 = Release|Any CPU
		{99B4311C-BD30-4370-BA4F-61BFA7B802FA}.Release|x86.ActiveCfg = Release|Any CPU
		{99B4311C-BD30-4370-BA4F-61BFA7B802FA}.Release|x86.Build.0 = Release|Any CPU
		{3380ADC3-A691-4B07-9FE3-CB5306974965}.Debug|Any CPU.ActiveCfg = Debug|Any CPU
		{3380ADC3-A691-4B07-9FE3-CB5306974965}.Debug|Any CPU.Build.0 = Debug|Any CPU
		{3380ADC3-A691-4B07-9FE3-CB5306974965}.Debug|x64.ActiveCfg = Debug|Any CPU
		{3380ADC3-A691-4B07-9FE3-CB5306974965}.Debug|x64.Build.0 = Debug|Any CPU
		{3380ADC3-A691-4B07-9FE3-CB5306974965}.Debug|x86.ActiveCfg = Debug|Any CPU
		{3380ADC3-A691-4B07-9FE3-CB5306974965}.Debug|x86.Build.0 = Debug|Any CPU
		{3380ADC3-A691-4B07-9FE3-CB5306974965}.Release|Any CPU.ActiveCfg = Release|Any CPU
		{3380ADC3-A691-4B07-9FE3-CB5306974965}.Release|Any CPU.Build.0 = Release|Any CPU
		{3380ADC3-A691-4B07-9FE3-CB5306974965}.Release|x64.ActiveCfg = Release|Any CPU
		{3380ADC3-A691-4B07-9FE3-CB5306974965}.Release|x64.Build.0 = Release|Any CPU
		{3380ADC3-A691-4B07-9FE3-CB5306974965}.Release|x86.ActiveCfg = Release|Any CPU
		{3380ADC3-A691-4B07-9FE3-CB5306974965}.Release|x86.Build.0 = Release|Any CPU
		{EB46905A-F7B4-4BDC-B376-6091264D6303}.Debug|Any CPU.ActiveCfg = Debug|Any CPU
		{EB46905A-F7B4-4BDC-B376-6091264D6303}.Debug|Any CPU.Build.0 = Debug|Any CPU
		{EB46905A-F7B4-4BDC-B376-6091264D6303}.Debug|x64.ActiveCfg = Debug|Any CPU
		{EB46905A-F7B4-4BDC-B376-6091264D6303}.Debug|x64.Build.0 = Debug|Any CPU
		{EB46905A-F7B4-4BDC-B376-6091264D6303}.Debug|x86.ActiveCfg = Debug|Any CPU
		{EB46905A-F7B4-4BDC-B376-6091264D6303}.Debug|x86.Build.0 = Debug|Any CPU
		{EB46905A-F7B4-4BDC-B376-6091264D6303}.Release|Any CPU.ActiveCfg = Release|Any CPU
		{EB46905A-F7B4-4BDC-B376-6091264D6303}.Release|Any CPU.Build.0 = Release|Any CPU
		{EB46905A-F7B4-4BDC-B376-6091264D6303}.Release|x64.ActiveCfg = Release|Any CPU
		{EB46905A-F7B4-4BDC-B376-6091264D6303}.Release|x64.Build.0 = Release|Any CPU
		{EB46905A-F7B4-4BDC-B376-6091264D6303}.Release|x86.ActiveCfg = Release|Any CPU
		{EB46905A-F7B4-4BDC-B376-6091264D6303}.Release|x86.Build.0 = Release|Any CPU
		{407EB5A5-8B4F-4F7D-80BA-E39AB6AD013C}.Debug|Any CPU.ActiveCfg = Debug|Any CPU
		{407EB5A5-8B4F-4F7D-80BA-E39AB6AD013C}.Debug|Any CPU.Build.0 = Debug|Any CPU
		{407EB5A5-8B4F-4F7D-80BA-E39AB6AD013C}.Debug|x64.ActiveCfg = Debug|Any CPU
		{407EB5A5-8B4F-4F7D-80BA-E39AB6AD013C}.Debug|x64.Build.0 = Debug|Any CPU
		{407EB5A5-8B4F-4F7D-80BA-E39AB6AD013C}.Debug|x86.ActiveCfg = Debug|Any CPU
		{407EB5A5-8B4F-4F7D-80BA-E39AB6AD013C}.Debug|x86.Build.0 = Debug|Any CPU
		{407EB5A5-8B4F-4F7D-80BA-E39AB6AD013C}.Release|Any CPU.ActiveCfg = Release|Any CPU
		{407EB5A5-8B4F-4F7D-80BA-E39AB6AD013C}.Release|Any CPU.Build.0 = Release|Any CPU
		{407EB5A5-8B4F-4F7D-80BA-E39AB6AD013C}.Release|x64.ActiveCfg = Release|Any CPU
		{407EB5A5-8B4F-4F7D-80BA-E39AB6AD013C}.Release|x64.Build.0 = Release|Any CPU
		{407EB5A5-8B4F-4F7D-80BA-E39AB6AD013C}.Release|x86.ActiveCfg = Release|Any CPU
		{407EB5A5-8B4F-4F7D-80BA-E39AB6AD013C}.Release|x86.Build.0 = Release|Any CPU
		{E7D4BCFD-E610-41E2-B209-0BE13799C7A8}.Debug|Any CPU.ActiveCfg = Debug|Any CPU
		{E7D4BCFD-E610-41E2-B209-0BE13799C7A8}.Debug|Any CPU.Build.0 = Debug|Any CPU
		{E7D4BCFD-E610-41E2-B209-0BE13799C7A8}.Debug|x64.ActiveCfg = Debug|Any CPU
		{E7D4BCFD-E610-41E2-B209-0BE13799C7A8}.Debug|x64.Build.0 = Debug|Any CPU
		{E7D4BCFD-E610-41E2-B209-0BE13799C7A8}.Debug|x86.ActiveCfg = Debug|Any CPU
		{E7D4BCFD-E610-41E2-B209-0BE13799C7A8}.Debug|x86.Build.0 = Debug|Any CPU
		{E7D4BCFD-E610-41E2-B209-0BE13799C7A8}.Release|Any CPU.ActiveCfg = Release|Any CPU
		{E7D4BCFD-E610-41E2-B209-0BE13799C7A8}.Release|Any CPU.Build.0 = Release|Any CPU
		{E7D4BCFD-E610-41E2-B209-0BE13799C7A8}.Release|x64.ActiveCfg = Release|Any CPU
		{E7D4BCFD-E610-41E2-B209-0BE13799C7A8}.Release|x64.Build.0 = Release|Any CPU
		{E7D4BCFD-E610-41E2-B209-0BE13799C7A8}.Release|x86.ActiveCfg = Release|Any CPU
		{E7D4BCFD-E610-41E2-B209-0BE13799C7A8}.Release|x86.Build.0 = Release|Any CPU
		{960D652A-7CB1-4EB5-9813-0CEC0BC6AB6C}.Debug|Any CPU.ActiveCfg = Debug|Any CPU
		{960D652A-7CB1-4EB5-9813-0CEC0BC6AB6C}.Debug|Any CPU.Build.0 = Debug|Any CPU
		{960D652A-7CB1-4EB5-9813-0CEC0BC6AB6C}.Debug|x64.ActiveCfg = Debug|Any CPU
		{960D652A-7CB1-4EB5-9813-0CEC0BC6AB6C}.Debug|x64.Build.0 = Debug|Any CPU
		{960D652A-7CB1-4EB5-9813-0CEC0BC6AB6C}.Debug|x86.ActiveCfg = Debug|Any CPU
		{960D652A-7CB1-4EB5-9813-0CEC0BC6AB6C}.Debug|x86.Build.0 = Debug|Any CPU
		{960D652A-7CB1-4EB5-9813-0CEC0BC6AB6C}.Release|Any CPU.ActiveCfg = Release|Any CPU
		{960D652A-7CB1-4EB5-9813-0CEC0BC6AB6C}.Release|Any CPU.Build.0 = Release|Any CPU
		{960D652A-7CB1-4EB5-9813-0CEC0BC6AB6C}.Release|x64.ActiveCfg = Release|Any CPU
		{960D652A-7CB1-4EB5-9813-0CEC0BC6AB6C}.Release|x64.Build.0 = Release|Any CPU
		{960D652A-7CB1-4EB5-9813-0CEC0BC6AB6C}.Release|x86.ActiveCfg = Release|Any CPU
		{960D652A-7CB1-4EB5-9813-0CEC0BC6AB6C}.Release|x86.Build.0 = Release|Any CPU
		{3B40F089-387D-4721-A79D-1C39E682D550}.Debug|Any CPU.ActiveCfg = Debug|Any CPU
		{3B40F089-387D-4721-A79D-1C39E682D550}.Debug|Any CPU.Build.0 = Debug|Any CPU
		{3B40F089-387D-4721-A79D-1C39E682D550}.Debug|x64.ActiveCfg = Debug|Any CPU
		{3B40F089-387D-4721-A79D-1C39E682D550}.Debug|x64.Build.0 = Debug|Any CPU
		{3B40F089-387D-4721-A79D-1C39E682D550}.Debug|x86.ActiveCfg = Debug|Any CPU
		{3B40F089-387D-4721-A79D-1C39E682D550}.Debug|x86.Build.0 = Debug|Any CPU
		{3B40F089-387D-4721-A79D-1C39E682D550}.Release|Any CPU.ActiveCfg = Release|Any CPU
		{3B40F089-387D-4721-A79D-1C39E682D550}.Release|Any CPU.Build.0 = Release|Any CPU
		{3B40F089-387D-4721-A79D-1C39E682D550}.Release|x64.ActiveCfg = Release|Any CPU
		{3B40F089-387D-4721-A79D-1C39E682D550}.Release|x64.Build.0 = Release|Any CPU
		{3B40F089-387D-4721-A79D-1C39E682D550}.Release|x86.ActiveCfg = Release|Any CPU
		{3B40F089-387D-4721-A79D-1C39E682D550}.Release|x86.Build.0 = Release|Any CPU
		{8F71F933-72A9-4512-89A1-B28ACEC38BC4}.Debug|Any CPU.ActiveCfg = Debug|Any CPU
		{8F71F933-72A9-4512-89A1-B28ACEC38BC4}.Debug|Any CPU.Build.0 = Debug|Any CPU
		{8F71F933-72A9-4512-89A1-B28ACEC38BC4}.Debug|x64.ActiveCfg = Debug|Any CPU
		{8F71F933-72A9-4512-89A1-B28ACEC38BC4}.Debug|x64.Build.0 = Debug|Any CPU
		{8F71F933-72A9-4512-89A1-B28ACEC38BC4}.Debug|x86.ActiveCfg = Debug|Any CPU
		{8F71F933-72A9-4512-89A1-B28ACEC38BC4}.Debug|x86.Build.0 = Debug|Any CPU
		{8F71F933-72A9-4512-89A1-B28ACEC38BC4}.Release|Any CPU.ActiveCfg = Release|Any CPU
		{8F71F933-72A9-4512-89A1-B28ACEC38BC4}.Release|Any CPU.Build.0 = Release|Any CPU
		{8F71F933-72A9-4512-89A1-B28ACEC38BC4}.Release|x64.ActiveCfg = Release|Any CPU
		{8F71F933-72A9-4512-89A1-B28ACEC38BC4}.Release|x64.Build.0 = Release|Any CPU
		{8F71F933-72A9-4512-89A1-B28ACEC38BC4}.Release|x86.ActiveCfg = Release|Any CPU
		{8F71F933-72A9-4512-89A1-B28ACEC38BC4}.Release|x86.Build.0 = Release|Any CPU
		{08E99A19-AD1F-4F95-BF13-31248D486799}.Debug|Any CPU.ActiveCfg = Debug|Any CPU
		{08E99A19-AD1F-4F95-BF13-31248D486799}.Debug|Any CPU.Build.0 = Debug|Any CPU
		{08E99A19-AD1F-4F95-BF13-31248D486799}.Debug|x64.ActiveCfg = Debug|Any CPU
		{08E99A19-AD1F-4F95-BF13-31248D486799}.Debug|x64.Build.0 = Debug|Any CPU
		{08E99A19-AD1F-4F95-BF13-31248D486799}.Debug|x86.ActiveCfg = Debug|Any CPU
		{08E99A19-AD1F-4F95-BF13-31248D486799}.Debug|x86.Build.0 = Debug|Any CPU
		{08E99A19-AD1F-4F95-BF13-31248D486799}.Release|Any CPU.ActiveCfg = Release|Any CPU
		{08E99A19-AD1F-4F95-BF13-31248D486799}.Release|Any CPU.Build.0 = Release|Any CPU
		{08E99A19-AD1F-4F95-BF13-31248D486799}.Release|x64.ActiveCfg = Release|Any CPU
		{08E99A19-AD1F-4F95-BF13-31248D486799}.Release|x64.Build.0 = Release|Any CPU
		{08E99A19-AD1F-4F95-BF13-31248D486799}.Release|x86.ActiveCfg = Release|Any CPU
		{08E99A19-AD1F-4F95-BF13-31248D486799}.Release|x86.Build.0 = Release|Any CPU
		{B22223A8-9CB0-4B60-B516-18FD684CF01D}.Debug|Any CPU.ActiveCfg = Debug|Any CPU
		{B22223A8-9CB0-4B60-B516-18FD684CF01D}.Debug|Any CPU.Build.0 = Debug|Any CPU
		{B22223A8-9CB0-4B60-B516-18FD684CF01D}.Debug|x64.ActiveCfg = Debug|Any CPU
		{B22223A8-9CB0-4B60-B516-18FD684CF01D}.Debug|x64.Build.0 = Debug|Any CPU
		{B22223A8-9CB0-4B60-B516-18FD684CF01D}.Debug|x86.ActiveCfg = Debug|Any CPU
		{B22223A8-9CB0-4B60-B516-18FD684CF01D}.Debug|x86.Build.0 = Debug|Any CPU
		{B22223A8-9CB0-4B60-B516-18FD684CF01D}.Release|Any CPU.ActiveCfg = Release|Any CPU
		{B22223A8-9CB0-4B60-B516-18FD684CF01D}.Release|Any CPU.Build.0 = Release|Any CPU
		{B22223A8-9CB0-4B60-B516-18FD684CF01D}.Release|x64.ActiveCfg = Release|Any CPU
		{B22223A8-9CB0-4B60-B516-18FD684CF01D}.Release|x64.Build.0 = Release|Any CPU
		{B22223A8-9CB0-4B60-B516-18FD684CF01D}.Release|x86.ActiveCfg = Release|Any CPU
		{B22223A8-9CB0-4B60-B516-18FD684CF01D}.Release|x86.Build.0 = Release|Any CPU
		{2D7946CB-44D2-431D-A9E1-A4472FACC1DC}.Debug|Any CPU.ActiveCfg = Debug|Any CPU
		{2D7946CB-44D2-431D-A9E1-A4472FACC1DC}.Debug|Any CPU.Build.0 = Debug|Any CPU
		{2D7946CB-44D2-431D-A9E1-A4472FACC1DC}.Debug|x64.ActiveCfg = Debug|Any CPU
		{2D7946CB-44D2-431D-A9E1-A4472FACC1DC}.Debug|x64.Build.0 = Debug|Any CPU
		{2D7946CB-44D2-431D-A9E1-A4472FACC1DC}.Debug|x86.ActiveCfg = Debug|Any CPU
		{2D7946CB-44D2-431D-A9E1-A4472FACC1DC}.Debug|x86.Build.0 = Debug|Any CPU
		{2D7946CB-44D2-431D-A9E1-A4472FACC1DC}.Release|Any CPU.ActiveCfg = Release|Any CPU
		{2D7946CB-44D2-431D-A9E1-A4472FACC1DC}.Release|Any CPU.Build.0 = Release|Any CPU
		{2D7946CB-44D2-431D-A9E1-A4472FACC1DC}.Release|x64.ActiveCfg = Release|Any CPU
		{2D7946CB-44D2-431D-A9E1-A4472FACC1DC}.Release|x64.Build.0 = Release|Any CPU
		{2D7946CB-44D2-431D-A9E1-A4472FACC1DC}.Release|x86.ActiveCfg = Release|Any CPU
		{2D7946CB-44D2-431D-A9E1-A4472FACC1DC}.Release|x86.Build.0 = Release|Any CPU
		{6AC91DA6-EBC0-4820-AD1C-2137A4188F57}.Debug|Any CPU.ActiveCfg = Debug|Any CPU
		{6AC91DA6-EBC0-4820-AD1C-2137A4188F57}.Debug|Any CPU.Build.0 = Debug|Any CPU
		{6AC91DA6-EBC0-4820-AD1C-2137A4188F57}.Debug|x64.ActiveCfg = Debug|Any CPU
		{6AC91DA6-EBC0-4820-AD1C-2137A4188F57}.Debug|x64.Build.0 = Debug|Any CPU
		{6AC91DA6-EBC0-4820-AD1C-2137A4188F57}.Debug|x86.ActiveCfg = Debug|Any CPU
		{6AC91DA6-EBC0-4820-AD1C-2137A4188F57}.Debug|x86.Build.0 = Debug|Any CPU
		{6AC91DA6-EBC0-4820-AD1C-2137A4188F57}.Release|Any CPU.ActiveCfg = Release|Any CPU
		{6AC91DA6-EBC0-4820-AD1C-2137A4188F57}.Release|Any CPU.Build.0 = Release|Any CPU
		{6AC91DA6-EBC0-4820-AD1C-2137A4188F57}.Release|x64.ActiveCfg = Release|Any CPU
		{6AC91DA6-EBC0-4820-AD1C-2137A4188F57}.Release|x64.Build.0 = Release|Any CPU
		{6AC91DA6-EBC0-4820-AD1C-2137A4188F57}.Release|x86.ActiveCfg = Release|Any CPU
		{6AC91DA6-EBC0-4820-AD1C-2137A4188F57}.Release|x86.Build.0 = Release|Any CPU
	EndGlobalSection
	GlobalSection(SolutionProperties) = preSolution
		HideSolutionNode = FALSE
	EndGlobalSection
	GlobalSection(NestedProjects) = preSolution
		{051023DD-EAFE-4CDF-B4B0-ECF3C0AFDEF4} = {837E2941-F1CC-41EF-A652-B605101B2E84}
		{963D2704-ADB2-4A7F-9B96-0C09D657D5F6} = {91DCFC76-6636-4AC1-B81C-7F8AE1F22116}
		{DFE6654C-3222-4B20-A871-79581928D3B2} = {91DCFC76-6636-4AC1-B81C-7F8AE1F22116}
		{2956469E-A5F8-4874-BA08-DF6A166F820A} = {837E2941-F1CC-41EF-A652-B605101B2E84}
		{FAD940B2-3176-4D4E-856F-2618763F1B7E} = {837E2941-F1CC-41EF-A652-B605101B2E84}
		{BB84ECB4-583D-4068-9A66-883233661594} = {837E2941-F1CC-41EF-A652-B605101B2E84}
		{99B4311C-BD30-4370-BA4F-61BFA7B802FA} = {91DCFC76-6636-4AC1-B81C-7F8AE1F22116}
		{3380ADC3-A691-4B07-9FE3-CB5306974965} = {91DCFC76-6636-4AC1-B81C-7F8AE1F22116}
		{EB46905A-F7B4-4BDC-B376-6091264D6303} = {91DCFC76-6636-4AC1-B81C-7F8AE1F22116}
		{407EB5A5-8B4F-4F7D-80BA-E39AB6AD013C} = {91DCFC76-6636-4AC1-B81C-7F8AE1F22116}
		{E7D4BCFD-E610-41E2-B209-0BE13799C7A8} = {837E2941-F1CC-41EF-A652-B605101B2E84}
		{960D652A-7CB1-4EB5-9813-0CEC0BC6AB6C} = {837E2941-F1CC-41EF-A652-B605101B2E84}
		{3B40F089-387D-4721-A79D-1C39E682D550} = {837E2941-F1CC-41EF-A652-B605101B2E84}
		{8F71F933-72A9-4512-89A1-B28ACEC38BC4} = {91DCFC76-6636-4AC1-B81C-7F8AE1F22116}
		{08E99A19-AD1F-4F95-BF13-31248D486799} = {91DCFC76-6636-4AC1-B81C-7F8AE1F22116}
		{B22223A8-9CB0-4B60-B516-18FD684CF01D} = {91DCFC76-6636-4AC1-B81C-7F8AE1F22116}
		{2D7946CB-44D2-431D-A9E1-A4472FACC1DC} = {91DCFC76-6636-4AC1-B81C-7F8AE1F22116}
		{6AC91DA6-EBC0-4820-AD1C-2137A4188F57} = {91DCFC76-6636-4AC1-B81C-7F8AE1F22116}
	EndGlobalSection
	GlobalSection(ExtensibilityGlobals) = postSolution
		SolutionGuid = {61D239F9-888B-4D01-84BC-9276C92383EA}
	EndGlobalSection
EndGlobal
