
Microsoft Visual Studio Solution File, Format Version 12.00
# Visual Studio Version 17
VisualStudioVersion = 17.0.31903.59
MinimumVisualStudioVersion = 10.0.40219.1
Project("{9A19103F-16F7-4668-BE54-9A1E7A4F7556}") = "TeachingRecordSystem.Api", "src\TeachingRecordSystem.Api\TeachingRecordSystem.Api.csproj", "{051023DD-EAFE-4CDF-B4B0-ECF3C0AFDEF4}"
EndProject
Project("{9A19103F-16F7-4668-BE54-9A1E7A4F7556}") = "TeachingRecordSystem.Api.Tests", "tests\TeachingRecordSystem.Api.Tests\TeachingRecordSystem.Api.Tests.csproj", "{963D2704-ADB2-4A7F-9B96-0C09D657D5F6}"
EndProject
Project("{2150E333-8FDC-42A3-9474-1A3956D46DE8}") = "Solution Items", "Solution Items", "{725CB1F7-790A-4659-AC2F-38051CC34685}"
	ProjectSection(SolutionItems) = preProject
		Directory.Build.props = Directory.Build.props
		Directory.Packages.props = Directory.Packages.props
		nuget.config = nuget.config
	EndProjectSection
EndProject
Project("{9A19103F-16F7-4668-BE54-9A1E7A4F7556}") = "TeachingRecordSystem.TestCommon", "tests\TeachingRecordSystem.TestCommon\TeachingRecordSystem.TestCommon.csproj", "{DFE6654C-3222-4B20-A871-79581928D3B2}"
EndProject
Project("{2150E333-8FDC-42A3-9474-1A3956D46DE8}") = "src", "src", "{837E2941-F1CC-41EF-A652-B605101B2E84}"
EndProject
Project("{2150E333-8FDC-42A3-9474-1A3956D46DE8}") = "tests", "tests", "{91DCFC76-6636-4AC1-B81C-7F8AE1F22116}"
EndProject
Project("{9A19103F-16F7-4668-BE54-9A1E7A4F7556}") = "TeachingRecordSystem.Cli", "src\TeachingRecordSystem.Cli\TeachingRecordSystem.Cli.csproj", "{2956469E-A5F8-4874-BA08-DF6A166F820A}"
EndProject
Project("{9A19103F-16F7-4668-BE54-9A1E7A4F7556}") = "TeachingRecordSystem.SupportUi", "src\TeachingRecordSystem.SupportUi\TeachingRecordSystem.SupportUi.csproj", "{FAD940B2-3176-4D4E-856F-2618763F1B7E}"
EndProject
Project("{9A19103F-16F7-4668-BE54-9A1E7A4F7556}") = "TeachingRecordSystem.Core", "src\TeachingRecordSystem.Core\TeachingRecordSystem.Core.csproj", "{BB84ECB4-583D-4068-9A66-883233661594}"
EndProject
Project("{9A19103F-16F7-4668-BE54-9A1E7A4F7556}") = "TeachingRecordSystem.Core.Dqt.Tests", "tests\TeachingRecordSystem.Core.Dqt.Tests\TeachingRecordSystem.Core.Dqt.Tests.csproj", "{99B4311C-BD30-4370-BA4F-61BFA7B802FA}"
EndProject
Project("{9A19103F-16F7-4668-BE54-9A1E7A4F7556}") = "TeachingRecordSystem.Core.Tests", "tests\TeachingRecordSystem.Core.Tests\TeachingRecordSystem.Core.Tests.csproj", "{3380ADC3-A691-4B07-9FE3-CB5306974965}"
EndProject
Project("{9A19103F-16F7-4668-BE54-9A1E7A4F7556}") = "TeachingRecordSystem.SupportUi.EndToEndTests", "tests\TeachingRecordSystem.SupportUi.EndToEndTests\TeachingRecordSystem.SupportUi.EndToEndTests.csproj", "{EB46905A-F7B4-4BDC-B376-6091264D6303}"
EndProject
Project("{9A19103F-16F7-4668-BE54-9A1E7A4F7556}") = "TeachingRecordSystem.SupportUi.Tests", "tests\TeachingRecordSystem.SupportUi.Tests\TeachingRecordSystem.SupportUi.Tests.csproj", "{407EB5A5-8B4F-4F7D-80BA-E39AB6AD013C}"
EndProject
Project("{9A19103F-16F7-4668-BE54-9A1E7A4F7556}") = "FormFlow", "lib\formflow\src\FormFlow\FormFlow.csproj", "{DA3F55CA-6B95-4A85-A3D6-2997C3149A63}"
EndProject
Project("{9A19103F-16F7-4668-BE54-9A1E7A4F7556}") = "TeachingRecordSystem.Worker", "src\TeachingRecordSystem.Worker\TeachingRecordSystem.Worker.csproj", "{E7D4BCFD-E610-41E2-B209-0BE13799C7A8}"
EndProject
Project("{FAE04EC0-301F-11D3-BF4B-00C04F79EFBC}") = "TeachingRecordSystem.Hosting", "src\TeachingRecordSystem.Hosting\TeachingRecordSystem.Hosting.csproj", "{BD13EB34-437A-45FE-AE0C-7DAD1E9681C0}"
EndProject
Global
	GlobalSection(SolutionConfigurationPlatforms) = preSolution
		Debug|Any CPU = Debug|Any CPU
		Debug|x64 = Debug|x64
		Debug|x86 = Debug|x86
		Release|Any CPU = Release|Any CPU
		Release|x64 = Release|x64
		Release|x86 = Release|x86
	EndGlobalSection
	GlobalSection(ProjectConfigurationPlatforms) = postSolution
		{051023DD-EAFE-4CDF-B4B0-ECF3C0AFDEF4}.Debug|Any CPU.ActiveCfg = Debug|Any CPU
		{051023DD-EAFE-4CDF-B4B0-ECF3C0AFDEF4}.Debug|Any CPU.Build.0 = Debug|Any CPU
		{051023DD-EAFE-4CDF-B4B0-ECF3C0AFDEF4}.Debug|x64.ActiveCfg = Debug|Any CPU
		{051023DD-EAFE-4CDF-B4B0-ECF3C0AFDEF4}.Debug|x64.Build.0 = Debug|Any CPU
		{051023DD-EAFE-4CDF-B4B0-ECF3C0AFDEF4}.Debug|x86.ActiveCfg = Debug|Any CPU
		{051023DD-EAFE-4CDF-B4B0-ECF3C0AFDEF4}.Debug|x86.Build.0 = Debug|Any CPU
		{051023DD-EAFE-4CDF-B4B0-ECF3C0AFDEF4}.Release|Any CPU.ActiveCfg = Release|Any CPU
		{051023DD-EAFE-4CDF-B4B0-ECF3C0AFDEF4}.Release|Any CPU.Build.0 = Release|Any CPU
		{051023DD-EAFE-4CDF-B4B0-ECF3C0AFDEF4}.Release|x64.ActiveCfg = Release|Any CPU
		{051023DD-EAFE-4CDF-B4B0-ECF3C0AFDEF4}.Release|x64.Build.0 = Release|Any CPU
		{051023DD-EAFE-4CDF-B4B0-ECF3C0AFDEF4}.Release|x86.ActiveCfg = Release|Any CPU
		{051023DD-EAFE-4CDF-B4B0-ECF3C0AFDEF4}.Release|x86.Build.0 = Release|Any CPU
		{963D2704-ADB2-4A7F-9B96-0C09D657D5F6}.Debug|Any CPU.ActiveCfg = Debug|Any CPU
		{963D2704-ADB2-4A7F-9B96-0C09D657D5F6}.Debug|Any CPU.Build.0 = Debug|Any CPU
		{963D2704-ADB2-4A7F-9B96-0C09D657D5F6}.Debug|x64.ActiveCfg = Debug|Any CPU
		{963D2704-ADB2-4A7F-9B96-0C09D657D5F6}.Debug|x64.Build.0 = Debug|Any CPU
		{963D2704-ADB2-4A7F-9B96-0C09D657D5F6}.Debug|x86.ActiveCfg = Debug|Any CPU
		{963D2704-ADB2-4A7F-9B96-0C09D657D5F6}.Debug|x86.Build.0 = Debug|Any CPU
		{963D2704-ADB2-4A7F-9B96-0C09D657D5F6}.Release|Any CPU.ActiveCfg = Release|Any CPU
		{963D2704-ADB2-4A7F-9B96-0C09D657D5F6}.Release|Any CPU.Build.0 = Release|Any CPU
		{963D2704-ADB2-4A7F-9B96-0C09D657D5F6}.Release|x64.ActiveCfg = Release|Any CPU
		{963D2704-ADB2-4A7F-9B96-0C09D657D5F6}.Release|x64.Build.0 = Release|Any CPU
		{963D2704-ADB2-4A7F-9B96-0C09D657D5F6}.Release|x86.ActiveCfg = Release|Any CPU
		{963D2704-ADB2-4A7F-9B96-0C09D657D5F6}.Release|x86.Build.0 = Release|Any CPU
		{DFE6654C-3222-4B20-A871-79581928D3B2}.Debug|Any CPU.ActiveCfg = Debug|Any CPU
		{DFE6654C-3222-4B20-A871-79581928D3B2}.Debug|Any CPU.Build.0 = Debug|Any CPU
		{DFE6654C-3222-4B20-A871-79581928D3B2}.Debug|x64.ActiveCfg = Debug|Any CPU
		{DFE6654C-3222-4B20-A871-79581928D3B2}.Debug|x64.Build.0 = Debug|Any CPU
		{DFE6654C-3222-4B20-A871-79581928D3B2}.Debug|x86.ActiveCfg = Debug|Any CPU
		{DFE6654C-3222-4B20-A871-79581928D3B2}.Debug|x86.Build.0 = Debug|Any CPU
		{DFE6654C-3222-4B20-A871-79581928D3B2}.Release|Any CPU.ActiveCfg = Release|Any CPU
		{DFE6654C-3222-4B20-A871-79581928D3B2}.Release|Any CPU.Build.0 = Release|Any CPU
		{DFE6654C-3222-4B20-A871-79581928D3B2}.Release|x64.ActiveCfg = Release|Any CPU
		{DFE6654C-3222-4B20-A871-79581928D3B2}.Release|x64.Build.0 = Release|Any CPU
		{DFE6654C-3222-4B20-A871-79581928D3B2}.Release|x86.ActiveCfg = Release|Any CPU
		{DFE6654C-3222-4B20-A871-79581928D3B2}.Release|x86.Build.0 = Release|Any CPU
		{2956469E-A5F8-4874-BA08-DF6A166F820A}.Debug|Any CPU.ActiveCfg = Debug|Any CPU
		{2956469E-A5F8-4874-BA08-DF6A166F820A}.Debug|Any CPU.Build.0 = Debug|Any CPU
		{2956469E-A5F8-4874-BA08-DF6A166F820A}.Debug|x64.ActiveCfg = Debug|Any CPU
		{2956469E-A5F8-4874-BA08-DF6A166F820A}.Debug|x64.Build.0 = Debug|Any CPU
		{2956469E-A5F8-4874-BA08-DF6A166F820A}.Debug|x86.ActiveCfg = Debug|Any CPU
		{2956469E-A5F8-4874-BA08-DF6A166F820A}.Debug|x86.Build.0 = Debug|Any CPU
		{2956469E-A5F8-4874-BA08-DF6A166F820A}.Release|Any CPU.ActiveCfg = Release|Any CPU
		{2956469E-A5F8-4874-BA08-DF6A166F820A}.Release|Any CPU.Build.0 = Release|Any CPU
		{2956469E-A5F8-4874-BA08-DF6A166F820A}.Release|x64.ActiveCfg = Release|Any CPU
		{2956469E-A5F8-4874-BA08-DF6A166F820A}.Release|x64.Build.0 = Release|Any CPU
		{2956469E-A5F8-4874-BA08-DF6A166F820A}.Release|x86.ActiveCfg = Release|Any CPU
		{2956469E-A5F8-4874-BA08-DF6A166F820A}.Release|x86.Build.0 = Release|Any CPU
		{FAD940B2-3176-4D4E-856F-2618763F1B7E}.Debug|Any CPU.ActiveCfg = Debug|Any CPU
		{FAD940B2-3176-4D4E-856F-2618763F1B7E}.Debug|Any CPU.Build.0 = Debug|Any CPU
		{FAD940B2-3176-4D4E-856F-2618763F1B7E}.Debug|x64.ActiveCfg = Debug|Any CPU
		{FAD940B2-3176-4D4E-856F-2618763F1B7E}.Debug|x64.Build.0 = Debug|Any CPU
		{FAD940B2-3176-4D4E-856F-2618763F1B7E}.Debug|x86.ActiveCfg = Debug|Any CPU
		{FAD940B2-3176-4D4E-856F-2618763F1B7E}.Debug|x86.Build.0 = Debug|Any CPU
		{FAD940B2-3176-4D4E-856F-2618763F1B7E}.Release|Any CPU.ActiveCfg = Release|Any CPU
		{FAD940B2-3176-4D4E-856F-2618763F1B7E}.Release|Any CPU.Build.0 = Release|Any CPU
		{FAD940B2-3176-4D4E-856F-2618763F1B7E}.Release|x64.ActiveCfg = Release|Any CPU
		{FAD940B2-3176-4D4E-856F-2618763F1B7E}.Release|x64.Build.0 = Release|Any CPU
		{FAD940B2-3176-4D4E-856F-2618763F1B7E}.Release|x86.ActiveCfg = Release|Any CPU
		{FAD940B2-3176-4D4E-856F-2618763F1B7E}.Release|x86.Build.0 = Release|Any CPU
		{BB84ECB4-583D-4068-9A66-883233661594}.Debug|Any CPU.ActiveCfg = Debug|Any CPU
		{BB84ECB4-583D-4068-9A66-883233661594}.Debug|Any CPU.Build.0 = Debug|Any CPU
		{BB84ECB4-583D-4068-9A66-883233661594}.Debug|x64.ActiveCfg = Debug|Any CPU
		{BB84ECB4-583D-4068-9A66-883233661594}.Debug|x64.Build.0 = Debug|Any CPU
		{BB84ECB4-583D-4068-9A66-883233661594}.Debug|x86.ActiveCfg = Debug|Any CPU
		{BB84ECB4-583D-4068-9A66-883233661594}.Debug|x86.Build.0 = Debug|Any CPU
		{BB84ECB4-583D-4068-9A66-883233661594}.Release|Any CPU.ActiveCfg = Release|Any CPU
		{BB84ECB4-583D-4068-9A66-883233661594}.Release|Any CPU.Build.0 = Release|Any CPU
		{BB84ECB4-583D-4068-9A66-883233661594}.Release|x64.ActiveCfg = Release|Any CPU
		{BB84ECB4-583D-4068-9A66-883233661594}.Release|x64.Build.0 = Release|Any CPU
		{BB84ECB4-583D-4068-9A66-883233661594}.Release|x86.ActiveCfg = Release|Any CPU
		{BB84ECB4-583D-4068-9A66-883233661594}.Release|x86.Build.0 = Release|Any CPU
		{99B4311C-BD30-4370-BA4F-61BFA7B802FA}.Debug|Any CPU.ActiveCfg = Debug|Any CPU
		{99B4311C-BD30-4370-BA4F-61BFA7B802FA}.Debug|Any CPU.Build.0 = Debug|Any CPU
		{99B4311C-BD30-4370-BA4F-61BFA7B802FA}.Debug|x64.ActiveCfg = Debug|Any CPU
		{99B4311C-BD30-4370-BA4F-61BFA7B802FA}.Debug|x64.Build.0 = Debug|Any CPU
		{99B4311C-BD30-4370-BA4F-61BFA7B802FA}.Debug|x86.ActiveCfg = Debug|Any CPU
		{99B4311C-BD30-4370-BA4F-61BFA7B802FA}.Debug|x86.Build.0 = Debug|Any CPU
		{99B4311C-BD30-4370-BA4F-61BFA7B802FA}.Release|Any CPU.ActiveCfg = Release|Any CPU
		{99B4311C-BD30-4370-BA4F-61BFA7B802FA}.Release|Any CPU.Build.0 = Release|Any CPU
		{99B4311C-BD30-4370-BA4F-61BFA7B802FA}.Release|x64.ActiveCfg = Release|Any CPU
		{99B4311C-BD30-4370-BA4F-61BFA7B802FA}.Release|x64.Build.0 = Release|Any CPU
		{99B4311C-BD30-4370-BA4F-61BFA7B802FA}.Release|x86.ActiveCfg = Release|Any CPU
		{99B4311C-BD30-4370-BA4F-61BFA7B802FA}.Release|x86.Build.0 = Release|Any CPU
		{3380ADC3-A691-4B07-9FE3-CB5306974965}.Debug|Any CPU.ActiveCfg = Debug|Any CPU
		{3380ADC3-A691-4B07-9FE3-CB5306974965}.Debug|Any CPU.Build.0 = Debug|Any CPU
		{3380ADC3-A691-4B07-9FE3-CB5306974965}.Debug|x64.ActiveCfg = Debug|Any CPU
		{3380ADC3-A691-4B07-9FE3-CB5306974965}.Debug|x64.Build.0 = Debug|Any CPU
		{3380ADC3-A691-4B07-9FE3-CB5306974965}.Debug|x86.ActiveCfg = Debug|Any CPU
		{3380ADC3-A691-4B07-9FE3-CB5306974965}.Debug|x86.Build.0 = Debug|Any CPU
		{3380ADC3-A691-4B07-9FE3-CB5306974965}.Release|Any CPU.ActiveCfg = Release|Any CPU
		{3380ADC3-A691-4B07-9FE3-CB5306974965}.Release|Any CPU.Build.0 = Release|Any CPU
		{3380ADC3-A691-4B07-9FE3-CB5306974965}.Release|x64.ActiveCfg = Release|Any CPU
		{3380ADC3-A691-4B07-9FE3-CB5306974965}.Release|x64.Build.0 = Release|Any CPU
		{3380ADC3-A691-4B07-9FE3-CB5306974965}.Release|x86.ActiveCfg = Release|Any CPU
		{3380ADC3-A691-4B07-9FE3-CB5306974965}.Release|x86.Build.0 = Release|Any CPU
		{EB46905A-F7B4-4BDC-B376-6091264D6303}.Debug|Any CPU.ActiveCfg = Debug|Any CPU
		{EB46905A-F7B4-4BDC-B376-6091264D6303}.Debug|Any CPU.Build.0 = Debug|Any CPU
		{EB46905A-F7B4-4BDC-B376-6091264D6303}.Debug|x64.ActiveCfg = Debug|Any CPU
		{EB46905A-F7B4-4BDC-B376-6091264D6303}.Debug|x64.Build.0 = Debug|Any CPU
		{EB46905A-F7B4-4BDC-B376-6091264D6303}.Debug|x86.ActiveCfg = Debug|Any CPU
		{EB46905A-F7B4-4BDC-B376-6091264D6303}.Debug|x86.Build.0 = Debug|Any CPU
		{EB46905A-F7B4-4BDC-B376-6091264D6303}.Release|Any CPU.ActiveCfg = Release|Any CPU
		{EB46905A-F7B4-4BDC-B376-6091264D6303}.Release|Any CPU.Build.0 = Release|Any CPU
		{EB46905A-F7B4-4BDC-B376-6091264D6303}.Release|x64.ActiveCfg = Release|Any CPU
		{EB46905A-F7B4-4BDC-B376-6091264D6303}.Release|x64.Build.0 = Release|Any CPU
		{EB46905A-F7B4-4BDC-B376-6091264D6303}.Release|x86.ActiveCfg = Release|Any CPU
		{EB46905A-F7B4-4BDC-B376-6091264D6303}.Release|x86.Build.0 = Release|Any CPU
		{407EB5A5-8B4F-4F7D-80BA-E39AB6AD013C}.Debug|Any CPU.ActiveCfg = Debug|Any CPU
		{407EB5A5-8B4F-4F7D-80BA-E39AB6AD013C}.Debug|Any CPU.Build.0 = Debug|Any CPU
		{407EB5A5-8B4F-4F7D-80BA-E39AB6AD013C}.Debug|x64.ActiveCfg = Debug|Any CPU
		{407EB5A5-8B4F-4F7D-80BA-E39AB6AD013C}.Debug|x64.Build.0 = Debug|Any CPU
		{407EB5A5-8B4F-4F7D-80BA-E39AB6AD013C}.Debug|x86.ActiveCfg = Debug|Any CPU
		{407EB5A5-8B4F-4F7D-80BA-E39AB6AD013C}.Debug|x86.Build.0 = Debug|Any CPU
		{407EB5A5-8B4F-4F7D-80BA-E39AB6AD013C}.Release|Any CPU.ActiveCfg = Release|Any CPU
		{407EB5A5-8B4F-4F7D-80BA-E39AB6AD013C}.Release|Any CPU.Build.0 = Release|Any CPU
		{407EB5A5-8B4F-4F7D-80BA-E39AB6AD013C}.Release|x64.ActiveCfg = Release|Any CPU
		{407EB5A5-8B4F-4F7D-80BA-E39AB6AD013C}.Release|x64.Build.0 = Release|Any CPU
		{407EB5A5-8B4F-4F7D-80BA-E39AB6AD013C}.Release|x86.ActiveCfg = Release|Any CPU
		{407EB5A5-8B4F-4F7D-80BA-E39AB6AD013C}.Release|x86.Build.0 = Release|Any CPU
		{DA3F55CA-6B95-4A85-A3D6-2997C3149A63}.Debug|Any CPU.ActiveCfg = Debug|Any CPU
		{DA3F55CA-6B95-4A85-A3D6-2997C3149A63}.Debug|Any CPU.Build.0 = Debug|Any CPU
		{DA3F55CA-6B95-4A85-A3D6-2997C3149A63}.Debug|x64.ActiveCfg = Debug|Any CPU
		{DA3F55CA-6B95-4A85-A3D6-2997C3149A63}.Debug|x64.Build.0 = Debug|Any CPU
		{DA3F55CA-6B95-4A85-A3D6-2997C3149A63}.Debug|x86.ActiveCfg = Debug|Any CPU
		{DA3F55CA-6B95-4A85-A3D6-2997C3149A63}.Debug|x86.Build.0 = Debug|Any CPU
		{DA3F55CA-6B95-4A85-A3D6-2997C3149A63}.Release|Any CPU.ActiveCfg = Release|Any CPU
		{DA3F55CA-6B95-4A85-A3D6-2997C3149A63}.Release|Any CPU.Build.0 = Release|Any CPU
		{DA3F55CA-6B95-4A85-A3D6-2997C3149A63}.Release|x64.ActiveCfg = Release|Any CPU
		{DA3F55CA-6B95-4A85-A3D6-2997C3149A63}.Release|x64.Build.0 = Release|Any CPU
		{DA3F55CA-6B95-4A85-A3D6-2997C3149A63}.Release|x86.ActiveCfg = Release|Any CPU
		{DA3F55CA-6B95-4A85-A3D6-2997C3149A63}.Release|x86.Build.0 = Release|Any CPU
		{E7D4BCFD-E610-41E2-B209-0BE13799C7A8}.Debug|Any CPU.ActiveCfg = Debug|Any CPU
		{E7D4BCFD-E610-41E2-B209-0BE13799C7A8}.Debug|Any CPU.Build.0 = Debug|Any CPU
		{E7D4BCFD-E610-41E2-B209-0BE13799C7A8}.Debug|x64.ActiveCfg = Debug|Any CPU
		{E7D4BCFD-E610-41E2-B209-0BE13799C7A8}.Debug|x64.Build.0 = Debug|Any CPU
		{E7D4BCFD-E610-41E2-B209-0BE13799C7A8}.Debug|x86.ActiveCfg = Debug|Any CPU
		{E7D4BCFD-E610-41E2-B209-0BE13799C7A8}.Debug|x86.Build.0 = Debug|Any CPU
		{E7D4BCFD-E610-41E2-B209-0BE13799C7A8}.Release|Any CPU.ActiveCfg = Release|Any CPU
		{E7D4BCFD-E610-41E2-B209-0BE13799C7A8}.Release|Any CPU.Build.0 = Release|Any CPU
		{E7D4BCFD-E610-41E2-B209-0BE13799C7A8}.Release|x64.ActiveCfg = Release|Any CPU
		{E7D4BCFD-E610-41E2-B209-0BE13799C7A8}.Release|x64.Build.0 = Release|Any CPU
		{E7D4BCFD-E610-41E2-B209-0BE13799C7A8}.Release|x86.ActiveCfg = Release|Any CPU
		{E7D4BCFD-E610-41E2-B209-0BE13799C7A8}.Release|x86.Build.0 = Release|Any CPU
		{BD13EB34-437A-45FE-AE0C-7DAD1E9681C0}.Debug|Any CPU.ActiveCfg = Debug|Any CPU
		{BD13EB34-437A-45FE-AE0C-7DAD1E9681C0}.Debug|Any CPU.Build.0 = Debug|Any CPU
		{BD13EB34-437A-45FE-AE0C-7DAD1E9681C0}.Debug|x64.ActiveCfg = Debug|Any CPU
		{BD13EB34-437A-45FE-AE0C-7DAD1E9681C0}.Debug|x64.Build.0 = Debug|Any CPU
		{BD13EB34-437A-45FE-AE0C-7DAD1E9681C0}.Debug|x86.ActiveCfg = Debug|Any CPU
		{BD13EB34-437A-45FE-AE0C-7DAD1E9681C0}.Debug|x86.Build.0 = Debug|Any CPU
		{BD13EB34-437A-45FE-AE0C-7DAD1E9681C0}.Release|Any CPU.ActiveCfg = Release|Any CPU
		{BD13EB34-437A-45FE-AE0C-7DAD1E9681C0}.Release|Any CPU.Build.0 = Release|Any CPU
		{BD13EB34-437A-45FE-AE0C-7DAD1E9681C0}.Release|x64.ActiveCfg = Release|Any CPU
		{BD13EB34-437A-45FE-AE0C-7DAD1E9681C0}.Release|x64.Build.0 = Release|Any CPU
		{BD13EB34-437A-45FE-AE0C-7DAD1E9681C0}.Release|x86.ActiveCfg = Release|Any CPU
		{BD13EB34-437A-45FE-AE0C-7DAD1E9681C0}.Release|x86.Build.0 = Release|Any CPU
	EndGlobalSection
	GlobalSection(SolutionProperties) = preSolution
		HideSolutionNode = FALSE
	EndGlobalSection
	GlobalSection(NestedProjects) = preSolution
		{051023DD-EAFE-4CDF-B4B0-ECF3C0AFDEF4} = {837E2941-F1CC-41EF-A652-B605101B2E84}
		{963D2704-ADB2-4A7F-9B96-0C09D657D5F6} = {91DCFC76-6636-4AC1-B81C-7F8AE1F22116}
		{DFE6654C-3222-4B20-A871-79581928D3B2} = {91DCFC76-6636-4AC1-B81C-7F8AE1F22116}
		{2956469E-A5F8-4874-BA08-DF6A166F820A} = {837E2941-F1CC-41EF-A652-B605101B2E84}
		{FAD940B2-3176-4D4E-856F-2618763F1B7E} = {837E2941-F1CC-41EF-A652-B605101B2E84}
		{BB84ECB4-583D-4068-9A66-883233661594} = {837E2941-F1CC-41EF-A652-B605101B2E84}
		{99B4311C-BD30-4370-BA4F-61BFA7B802FA} = {91DCFC76-6636-4AC1-B81C-7F8AE1F22116}
		{3380ADC3-A691-4B07-9FE3-CB5306974965} = {91DCFC76-6636-4AC1-B81C-7F8AE1F22116}
		{EB46905A-F7B4-4BDC-B376-6091264D6303} = {91DCFC76-6636-4AC1-B81C-7F8AE1F22116}
		{407EB5A5-8B4F-4F7D-80BA-E39AB6AD013C} = {91DCFC76-6636-4AC1-B81C-7F8AE1F22116}
		{DA3F55CA-6B95-4A85-A3D6-2997C3149A63} = {837E2941-F1CC-41EF-A652-B605101B2E84}
		{E7D4BCFD-E610-41E2-B209-0BE13799C7A8} = {837E2941-F1CC-41EF-A652-B605101B2E84}
		{BD13EB34-437A-45FE-AE0C-7DAD1E9681C0} = {837E2941-F1CC-41EF-A652-B605101B2E84}
	EndGlobalSection
	GlobalSection(ExtensibilityGlobals) = postSolution
		SolutionGuid = {61D239F9-888B-4D01-84BC-9276C92383EA}
	EndGlobalSection
EndGlobal
