{
  "version": 2,
  "dependencies": {
    "net10.0": {
      "AutoMapper": {
        "type": "Direct",
        "requested": "[13.0.1, )",
        "resolved": "13.0.1",
        "contentHash": "/Fx1SbJ16qS7dU4i604Sle+U9VLX+WSNVJggk6MupKVkYvvBm4XqYaeFuf67diHefHKHs50uQIS2YEDFhPCakQ=="
      },
      "FluentValidation.AspNetCore": {
        "type": "Direct",
        "requested": "[11.3.1, )",
        "resolved": "11.3.1",
        "contentHash": "FjkfrGGwC+25oH8QpX1ti3gxkFjDDtotkAQWyQz2CkwQwEfRKTANjhh77I79kY8dov2ydK1SY+e4jiOWsbbDdQ==",
        "dependencies": {
          "FluentValidation": "11.11.0",
          "FluentValidation.DependencyInjectionExtensions": "11.11.0"
        }
      },
      "JetBrains.Annotations": {
        "type": "Direct",
        "requested": "[2025.2.4, )",
        "resolved": "2025.2.4",
        "contentHash": "TwbgxAkXxY+vNEhNVx/QXjJ4vqxmepOjsgRvvImQPbHkHMMb4W+ahL3laMsxXKtNT7iMy+E1B3xkqao2hf1n3A=="
      },
      "MediatR": {
        "type": "Direct",
        "requested": "[12.2.0, )",
        "resolved": "12.2.0",
        "contentHash": "8TUFrHapKi6D74PhnSNEguRsH91HNGyP3R4ZQdgDorJgl9Wac5Prh0vA33QfrniAaS6L2xNNhc6vxzg+5AIbwA==",
        "dependencies": {
          "MediatR.Contracts": "[2.0.1, 3.0.0)"
        }
      },
      "Microsoft.AspNetCore.Authentication.JwtBearer": {
        "type": "Direct",
        "requested": "[10.0.2, )",
        "resolved": "10.0.2",
        "contentHash": "UJGH1qpJgNSmDcAQQRtdUY/auztO+EJK4HHz3akdneWQ+3ladiLEMJeZOqjYiMcPf/h+MSAQq+xij+7umi7VXQ==",
        "dependencies": {
          "Microsoft.IdentityModel.Protocols.OpenIdConnect": "8.0.1"
        }
      },
      "Microsoft.VisualStudio.Threading.Analyzers": {
        "type": "Direct",
        "requested": "[17.14.15, )",
        "resolved": "17.14.15",
        "contentHash": "mXQPJsbuUD2ydq4/ffd8h8tSOFCXec+2xJOVNCvXjuMOq/+5EKHq3D2m2MC2+nUaXeFMSt66VS/J4HdKBixgcw=="
      },
      "Moq": {
        "type": "Direct",
        "requested": "[4.20.72, )",
        "resolved": "4.20.72",
        "contentHash": "EA55cjyNn8eTNWrgrdZJH5QLFp2L43oxl1tlkoYUKIE9pRwL784OWiTXeCV5ApS+AMYEAlt7Fo03A2XfouvHmQ==",
        "dependencies": {
          "Castle.Core": "5.1.1"
        }
      },
      "RedisRateLimiting.AspNetCore": {
        "type": "Direct",
        "requested": "[1.2.0, )",
        "resolved": "1.2.0",
        "contentHash": "o41D6Mp/eKdj6xue1sQ2VzHlnJgH3U/At8Mu1+q3vph5kXDYdMU5E5S0PP+CKXNJMmbGOMGwLZa2L0rRbwSB+Q==",
        "dependencies": {
          "RedisRateLimiting": "1.2.0"
        }
      },
      "Swashbuckle.AspNetCore": {
        "type": "Direct",
        "requested": "[6.6.2, )",
        "resolved": "6.6.2",
        "contentHash": "+NB4UYVYN6AhDSjW0IJAd1AGD8V33gemFNLPaxKTtPkHB+HaKAKf9MGAEUPivEWvqeQfcKIw8lJaHq6LHljRuw==",
        "dependencies": {
          "Microsoft.Extensions.ApiDescription.Server": "6.0.5",
          "Swashbuckle.AspNetCore.Swagger": "6.6.2",
          "Swashbuckle.AspNetCore.SwaggerGen": "6.6.2",
          "Swashbuckle.AspNetCore.SwaggerUI": "6.6.2"
        }
      },
      "Swashbuckle.AspNetCore.Annotations": {
        "type": "Direct",
        "requested": "[6.6.2, )",
        "resolved": "6.6.2",
        "contentHash": "itEYQwWam7FT/8qUEMmC+BDt38J4w52NDod9yUeWpIKA7pM1xo+FbGSjXR6Q9oLOTT1PiJ+zYVf5Ij6pVX99tw==",
        "dependencies": {
          "Swashbuckle.AspNetCore.SwaggerGen": "6.6.2"
        }
      },
      "System.IdentityModel.Tokens.Jwt": {
        "type": "Direct",
        "requested": "[8.14.0, )",
        "resolved": "8.14.0",
        "contentHash": "EYGgN/S+HK7S6F3GaaPLFAfK0UzMrkXFyWCvXpQWFYmZln3dqtbyIO7VuTM/iIIPMzkelg8ZLlBPvMhxj6nOAA==",
        "dependencies": {
          "Microsoft.IdentityModel.JsonWebTokens": "8.14.0",
          "Microsoft.IdentityModel.Tokens": "8.14.0"
        }
      },
      "Apache.Arrow": {
        "type": "Transitive",
        "resolved": "11.0.0",
        "contentHash": "Pc5Mh8JKnJrszFUm1i1cwzCcoudY06TNPVy4VnSPAgfwZWReJkIduANjn6wrIekgpH/o9B9HyyraDPQXNXg8Ww=="
      },
      "Azure.Core": {
        "type": "Transitive",
        "resolved": "1.50.0",
        "contentHash": "GBNKZEhdIbTXxedvD3R7I/yDVFX9jJJEz02kCziFSJxspSQ5RMHc3GktulJ1s7+ffXaXD7kMgrtdQTaggyInLw==",
        "dependencies": {
          "Microsoft.Bcl.AsyncInterfaces": "8.0.0",
          "System.ClientModel": "1.8.0",
          "System.Memory.Data": "8.0.1"
        }
      },
      "Azure.Identity": {
        "type": "Transitive",
        "resolved": "1.17.1",
        "contentHash": "MSZkBrctcpiGxs9Cvr2VKKoN6qFLZlP3I6xuCWJ9iTgitI5Rgxtk5gfOSpXPZE3+CJmZ/mnqpQyGyjawFn5Vvg==",
        "dependencies": {
          "Azure.Core": "1.50.0",
          "Microsoft.Identity.Client": "4.78.0",
          "Microsoft.Identity.Client.Extensions.Msal": "4.78.0"
        }
      },
      "Azure.Storage.Common": {
        "type": "Transitive",
        "resolved": "12.25.0",
        "contentHash": "MHGWp4aLHRo0BdLj25U2qYdYK//Zz21k4bs3SVyNQEmJbBl3qZ8GuOmTSXJ+Zad93HnFXfvD8kyMr0gjA8Ftpw==",
        "dependencies": {
          "Azure.Core": "1.47.3",
          "System.IO.Hashing": "8.0.0"
        }
      },
      "Dapper": {
        "type": "Transitive",
        "resolved": "2.0.123",
        "contentHash": "RDFF4rBLLmbpi6pwkY7q/M6UXHRJEOerplDGE5jwEkP/JGJnBauAClYavNKJPW1yOTWRPIyfj4is3EaJxQXILQ=="
      },
      "dbup-core": {
        "type": "Transitive",
        "resolved": "5.0.37",
        "contentHash": "++z5z25tgkJ4eiLp3MahAmTkEDQogj5SoGXfDX0PxatjQfGszuR5hK3JBaB1orfCJ68mjZGtKWEp9YcxXa4jjg=="
      },
      "EFCore.BulkExtensions.Core": {
        "type": "Transitive",
        "resolved": "10.0.0",
        "contentHash": "nKtjTES+tQdbA9cZDbeV8K/nOc/gZG9UwICPTXsFCGiUlqeuR3yM7URCrnaDgVEFVH/iNC2Nf4j5f68L2gr+0Q==",
        "dependencies": {
          "MedallionTopologicalSort": "1.0.0",
          "Microsoft.EntityFrameworkCore.Relational": "10.0.1",
          "NetTopologySuite": "2.6.0"
        }
      },
      "EntityFrameworkCore.Projectables.Abstractions": {
        "type": "Transitive",
        "resolved": "4.0.0",
        "contentHash": "QYeAIEmNEpROosThGtU/t3yZJoCcAC9kxhfHnHAp2PmVIFIajaHcuo79CCeEiOxo2zm+mS3wfIIj6d00id7/cQ=="
      },
      "FluentValidation.DependencyInjectionExtensions": {
        "type": "Transitive",
        "resolved": "11.11.0",
        "contentHash": "viTKWaMbL3yJYgGI0DiCeavNbE9UPMWFVK2XS9nYXGbm3NDMd0/L5ER4wBzmTtW3BYh3SrlSXm9RACiKZ6stlA==",
        "dependencies": {
          "FluentValidation": "11.11.0"
        }
      },
      "Google.Api.Gax": {
        "type": "Transitive",
        "resolved": "4.9.0",
        "contentHash": "fjHHYcQ99u0ztqwT537rvVtJMdDy6G2VHBZ+F1cBjDGYNVZfrpk40DMQ/OpUGToT9ZGHVirhh3eJ73bw2ANVPQ==",
        "dependencies": {
          "Microsoft.Bcl.AsyncInterfaces": "6.0.0",
          "Newtonsoft.Json": "13.0.3"
        }
      },
      "Google.Api.Gax.Rest": {
        "type": "Transitive",
        "resolved": "4.9.0",
        "contentHash": "xzHvOe8WzmSWVurtRFG+uSMWIKPHAAyhGdnGfBNSr4xSBzHsx7G5rWjjZhGcyeCYc0ZdaKEVyidtQS7A2OD2mg==",
        "dependencies": {
          "Google.Api.Gax": "4.9.0",
          "Google.Apis.Auth": "1.68.0"
        }
      },
      "Google.Apis": {
        "type": "Transitive",
        "resolved": "1.69.0",
        "contentHash": "1TfjsXFejwIf7iWaE7A0FbnOEsk8FPlbdFAt1r+I8aSMQfLLdSVWCLdZz6TzuWVwoCGEuJUHTZ/FXdptdU3qWw==",
        "dependencies": {
          "Google.Apis.Core": "1.69.0"
        }
      },
      "Google.Apis.Auth": {
        "type": "Transitive",
        "resolved": "1.69.0",
        "contentHash": "ar07yxn/s41jdqQ3sMh8EAehiSvXQ9yE1MS4McmZINeSWvolnLHmIZ9Yxj4tHVIYYz0c7H/lpToVqm7C2aYx9g==",
        "dependencies": {
          "Google.Apis": "1.69.0",
          "Google.Apis.Core": "1.69.0",
          "System.Management": "7.0.2"
        }
      },
      "Google.Apis.Core": {
        "type": "Transitive",
        "resolved": "1.69.0",
        "contentHash": "SXUcurNUPxYMtOnawvB2Av18VrPBC9W7So9q9ikmXIXLGiv4RX7Zbu4kc+8PbwTdd8wLt54r0PBGOT5RaKoTjQ==",
        "dependencies": {
          "Newtonsoft.Json": "13.0.3"
        }
      },
      "Google.Apis.Storage.v1": {
        "type": "Transitive",
        "resolved": "1.69.0.3707",
        "contentHash": "XzNH0Xx4w+11o9rR71tVpVq3Ji+BFB9621PtNOScrm4f3I8pU3/vKRaKo2JAKRiX6fi1TpJgI5nfHbYJtc88BQ==",
        "dependencies": {
          "Google.Apis": "1.69.0",
          "Google.Apis.Auth": "1.69.0"
        }
      },
      "IronCompress": {
        "type": "Transitive",
        "resolved": "1.5.2",
        "contentHash": "ZjWIOrO1a1/xBcpzp0sOxU0JuuajqRjiuhYuDJn3F5sM8R0vZ5K2pxm8b+ck1+OS8RUW1QxNgG3qtbC8uGXm6A==",
        "dependencies": {
          "Snappier": "1.1.6",
          "ZstdSharp.Port": "0.8.1"
        }
      },
      "JWT": {
        "type": "Transitive",
        "resolved": "7.1.0",
        "contentHash": "z33XjdWSKszw/SRde6fvVsCL2gaKdktZDHJIfpp0RqzNU7RQIaWC4wHUVV2i3RzQSsvQ4bjI3/2kwEAT5S62nA==",
        "dependencies": {
          "Newtonsoft.Json": "9.0.1",
          "System.Reflection.TypeExtensions": "4.7.0"
        }
      },
      "MedallionTopologicalSort": {
        "type": "Transitive",
        "resolved": "1.0.0",
        "contentHash": "dcAqM8TcyZQ/T466CvqNMUUn/G0FQE+4R7l62ngXH7hLFP9yA7yoP/ySsLgiXx3pGUQC3J+cUvXmJOOR/eC+oQ=="
      },
      "MediatR.Contracts": {
        "type": "Transitive",
        "resolved": "2.0.1",
        "contentHash": "FYv95bNT4UwcNA+G/J1oX5OpRiSUxteXaUt2BJbRSdRNiIUNbggJF69wy6mnk2wYToaanpdXZdCwVylt96MpwQ=="
      },
      "Microsoft.Azure.Services.AppAuthentication": {
        "type": "Transitive",
        "resolved": "1.6.2",
        "contentHash": "rSQhTv43ionr9rWvE4vxIe/i73XR5hoBYfh7UUgdaVOGW1MZeikR9RmgaJhonTylimCcCuJvrU0zXsSIFOsTGw==",
        "dependencies": {
          "Microsoft.IdentityModel.Clients.ActiveDirectory": "5.2.9"
        }
      },
      "Microsoft.Bcl.AsyncInterfaces": {
        "type": "Transitive",
        "resolved": "8.0.0",
        "contentHash": "3WA9q9yVqJp222P3x1wYIGDAkpjAku0TMUaaQV22g6L67AI0LdOIrVS7Ht2vJfLHGSPVuqN94vIr15qn+HEkHw=="
      },
      "Microsoft.Bcl.Cryptography": {
        "type": "Transitive",
        "resolved": "9.0.4",
        "contentHash": "YgZYAWzyNuPVtPq6WNm0bqOWNjYaWgl5mBWTGZyNoXitYBUYSp6iUB9AwK0V1mo793qRJUXz2t6UZrWITZSvuQ=="
      },
      "Microsoft.Data.Analysis": {
        "type": "Transitive",
        "resolved": "0.21.1",
        "contentHash": "bcvvIkthkOWqH2HRdGZEfyxbtZOBq6AK8Oa1prdSefDCyQsPWRSCZRRqt1Txr8oGZgfdxERT0+BXRYUEKKApPQ==",
        "dependencies": {
          "Apache.Arrow": "11.0.0",
          "Microsoft.ML.DataView": "3.0.1"
        }
      },
      "Microsoft.Data.SqlClient.SNI.runtime": {
        "type": "Transitive",
        "resolved": "6.0.2",
        "contentHash": "f+pRODTWX7Y67jXO3T5S2dIPZ9qMJNySjlZT/TKmWVNWe19N8jcWmHaqHnnchaq3gxEKv1SWVY5EFzOD06l41w=="
      },
      "Microsoft.EntityFrameworkCore": {
        "type": "Transitive",
        "resolved": "10.0.2",
        "contentHash": "d3+XKbLSHPCu3vwpXECoXcFbvGKmAhEeUmc1xy2czmuPnEF7rZN2HP5ZGMwCMbAKk4B01+nS4HixSMo2Vf/Y9g==",
        "dependencies": {
          "Microsoft.EntityFrameworkCore.Abstractions": "10.0.2",
          "Microsoft.EntityFrameworkCore.Analyzers": "10.0.2"
        }
      },
      "Microsoft.EntityFrameworkCore.Abstractions": {
        "type": "Transitive",
        "resolved": "10.0.2",
        "contentHash": "BzAwIU5mYeOmnKbEXrkwx7feW2V+zUTrK/kRonSib94tjvc0/iRj2a4N6YGXRhTNjaFP3tvCMIDaX1vIFF6dkg=="
      },
      "Microsoft.EntityFrameworkCore.Analyzers": {
        "type": "Transitive",
        "resolved": "10.0.2",
        "contentHash": "5C8aKN2HFhXfLhkrVvQ6yH990nw35pS7HNnwdBc628zIREaKJ4/rkdCXzxOdZo/SnCT3Kg7a/CqnhlzuJhlD4Q=="
      },
      "Microsoft.Extensions.ApiDescription.Server": {
        "type": "Transitive",
        "resolved": "6.0.5",
        "contentHash": "Ckb5EDBUNJdFWyajfXzUIMRkhf52fHZOQuuZg/oiu8y7zDCVwD0iHhew6MnThjHmevanpxL3f5ci2TtHQEN6bw=="
      },
      "Microsoft.Extensions.DependencyModel": {
        "type": "Transitive",
        "resolved": "10.0.0",
        "contentHash": "RFYJR7APio/BiqdQunRq6DB+nDB6nc2qhHr77mlvZ0q0BT8PubMXN7XicmfzCbrDE/dzhBnUKBRXLTcqUiZDGg=="
      },
      "Microsoft.Identity.Client": {
        "type": "Transitive",
        "resolved": "4.78.0",
        "contentHash": "vZ50HE9INSN+Ew8pCgTm0t7wzxQTqozF9L4MAsl64etXz0Teo0dbUvjpVzqDHRs6m1Vn8mHF04fGaxXrIvGpsg==",
        "dependencies": {
          "Microsoft.IdentityModel.Abstractions": "8.14.0"
        }
      },
      "Microsoft.Identity.Client.Extensions.Msal": {
        "type": "Transitive",
        "resolved": "4.78.0",
        "contentHash": "DYU9o+DrDQuyZxeq91GBA9eNqBvA3ZMkLzQpF7L9dTk6FcIBM1y1IHXWqiKXTvptPF7CZE59upbyUoa+FJ5eiA==",
        "dependencies": {
          "Microsoft.Identity.Client": "4.78.0",
          "System.Security.Cryptography.ProtectedData": "4.5.0"
        }
      },
      "Microsoft.IdentityModel.Abstractions": {
        "type": "Transitive",
        "resolved": "8.14.0",
        "contentHash": "iwbCpSjD3ehfTwBhtSNEtKPK0ICun6ov7Ibx6ISNA9bfwIyzI2Siwyi9eJFCJBwxowK9xcA1mj+jBWiigeqgcQ=="
      },
      "Microsoft.IdentityModel.Clients.ActiveDirectory": {
        "type": "Transitive",
        "resolved": "5.2.9",
        "contentHash": "WhBAG/9hWiMHIXve4ZgwXP3spRwf7kFFfejf76QA5BvumgnPp8iDkDCiJugzAcpW1YaHB526z1UVxHhVT1E5qw==",
        "dependencies": {
          "NETStandard.Library": "1.6.1"
        }
      },
      "Microsoft.IdentityModel.JsonWebTokens": {
        "type": "Transitive",
        "resolved": "8.14.0",
        "contentHash": "4jOpiA4THdtpLyMdAb24dtj7+6GmvhOhxf5XHLYWmPKF8ApEnApal1UnJsKO4HxUWRXDA6C4WQVfYyqsRhpNpQ==",
        "dependencies": {
          "Microsoft.IdentityModel.Tokens": "8.14.0"
        }
      },
      "Microsoft.IdentityModel.Logging": {
        "type": "Transitive",
        "resolved": "8.14.0",
        "contentHash": "eqqnemdW38CKZEHS6diA50BV94QICozDZEvSrsvN3SJXUFwVB9gy+/oz76gldP7nZliA16IglXjXTCTdmU/Ejg==",
        "dependencies": {
          "Microsoft.IdentityModel.Abstractions": "8.14.0"
        }
      },
      "Microsoft.IdentityModel.Protocols": {
        "type": "Transitive",
        "resolved": "8.0.1",
        "contentHash": "uA2vpKqU3I2mBBEaeJAWPTjT9v1TZrGWKdgK6G5qJd03CLx83kdiqO9cmiK8/n1erkHzFBwU/RphP83aAe3i3g==",
        "dependencies": {
          "Microsoft.IdentityModel.Tokens": "8.0.1"
        }
      },
      "Microsoft.IdentityModel.Tokens": {
        "type": "Transitive",
        "resolved": "8.14.0",
        "contentHash": "lKIZiBiGd36k02TCdMHp1KlNWisyIvQxcYJvIkz7P4gSQ9zi8dgh6S5Grj8NNG7HWYIPfQymGyoZ6JB5d1Lo1g==",
        "dependencies": {
          "Microsoft.IdentityModel.Logging": "8.14.0"
        }
      },
      "Microsoft.IO.RecyclableMemoryStream": {
        "type": "Transitive",
        "resolved": "3.0.0",
        "contentHash": "irv0HuqoH8Ig5i2fO+8dmDNdFdsrO+DoQcedwIlb810qpZHBNQHZLW7C/AHBQDgLLpw2T96vmMAy/aE4Yj55Sg=="
      },
      "Microsoft.ML.DataView": {
        "type": "Transitive",
        "resolved": "3.0.1",
        "contentHash": "mkZt1r6Nx5CAoD3klhC7VMQFzwWMHHjoYpv3X9u+GMvTMbSRaDdiA88HUoOzT7kCeq4/L1nKctmrByhLK28Xjw=="
      },
      "Microsoft.NETCore.Platforms": {
        "type": "Transitive",
        "resolved": "1.1.0",
        "contentHash": "kz0PEW2lhqygehI/d6XsPCQzD7ff7gUJaVGPVETX611eadGsA3A877GdSlU0LRVMCTH/+P3o2iDTak+S08V2+A=="
      },
      "Microsoft.OpenApi": {
        "type": "Transitive",
        "resolved": "1.6.14",
        "contentHash": "tTaBT8qjk3xINfESyOPE2rIellPvB7qpVqiWiyA/lACVvz+xOGiXhFUfohcx82NLbi5avzLW0lx+s6oAqQijfw=="
      },
      "Microsoft.SqlServer.Server": {
        "type": "Transitive",
        "resolved": "1.0.0",
        "contentHash": "N4KeF3cpcm1PUHym1RmakkzfkEv3GRMyofVv40uXsQhCQeglr2OHNcUk2WOG51AKpGO8ynGpo9M/kFXSzghwug=="
      },
      "NETStandard.Library": {
        "type": "Transitive",
        "resolved": "1.6.1",
        "contentHash": "WcSp3+vP+yHNgS8EV5J7pZ9IRpeDuARBPN28by8zqff1wJQXm26PVU8L3/fYLBJVU7BtDyqNVWq2KlCVvSSR4A==",
        "dependencies": {
          "Microsoft.NETCore.Platforms": "1.1.0"
        }
      },
      "NetTopologySuite": {
        "type": "Transitive",
        "resolved": "2.6.0",
        "contentHash": "1B1OTacTd4QtFyBeuIOcThwSSLUdRZU3bSFIwM8vk36XiZlBMi3K36u74e4OqwwHRHUuJC1PhbDx4hyI266X1Q=="
      },
      "Newtonsoft.Json": {
        "type": "Transitive",
        "resolved": "13.0.3",
        "contentHash": "HrC5BXdl00IP9zeV+0Z848QWPAoCr9P3bDEZguI+gkLcBKAOxix/tLEAAHC+UvDNPv4a2d18lOReHMOagPa+zQ=="
      },
      "Npgsql": {
        "type": "Transitive",
        "resolved": "10.0.0",
        "contentHash": "xZAYhPOU2rUIFpV48xsqhCx9vXs6Y+0jX2LCoSEfDFYMw9jtAOUk3iQsCnDLrFIv9NT3JGMihn7nnuZsPKqJmA=="
      },
      "NSign.Abstractions": {
        "type": "Transitive",
        "resolved": "1.2.2",
        "contentHash": "2KHIAmj7N0gYZ8kqq56+P7jgmIl1f5bk1wyOf8UX0ZTqll3NLcV+7Ct4psaNAV5UnDSdqda6MbaHopszw1YRHQ==",
        "dependencies": {
          "StructuredFieldValues": "0.7.6"
        }
      },
      "OpenIddict.Abstractions": {
        "type": "Transitive",
        "resolved": "7.2.0",
        "contentHash": "E0HB2Eps8shrRx7n3/QkwusiCPcnzcMi2JF16GZqff9Jx2PS3t3VyiOaW54cxPDIESNH3/VcguT+VrQPQrnRtQ==",
        "dependencies": {
          "Microsoft.IdentityModel.Tokens": "8.14.0"
        }
      },
      "OpenIddict.Core": {
        "type": "Transitive",
        "resolved": "7.2.0",
        "contentHash": "6TI7+8CRT5MXjK+Qp+8kOdiaKJ724/nmbpuEYSxg1CZsbKmR7doGeP/6KZkh2l0xeonFshSRQr0D0ZeoFFb0SA==",
        "dependencies": {
          "OpenIddict.Abstractions": "7.2.0"
        }
      },
      "OpenIddict.EntityFrameworkCore.Models": {
        "type": "Transitive",
        "resolved": "7.2.0",
        "contentHash": "zZ/0T2fIHV2Yr0YjOj7VKDDUQ0NTlSNTkoSoBEph1Pb26wPolf/fsdCEbdxxXKvuBAmnwMiO5ivIe1Y8Cz8SPw=="
      },
      "Pipelines.Sockets.Unofficial": {
        "type": "Transitive",
        "resolved": "2.2.8",
        "contentHash": "zG2FApP5zxSx6OcdJQLbZDk2AVlN2BNQD6MorwIfV6gVj0RRxWPEp2LXAxqDGZqeNV1Zp0BNPcNaey/GXmTdvQ=="
      },
      "prometheus-net": {
        "type": "Transitive",
        "resolved": "8.2.1",
        "contentHash": "3wVgdEPOCBF752s2xps5T+VH+c9mJK8S8GKEDg49084P6JZMumTZI5Te6aJ9MQpX0sx7om6JOnBpIi7ZBmmiDQ=="
      },
      "RedisRateLimiting": {
        "type": "Transitive",
        "resolved": "1.2.0",
        "contentHash": "8PFC4H7/enImkKt+japd5pvtEofGH9tuRWTJ/Ty7QY0x0gtxaH4lfqm9JXPCXQMBfSDjIWvc2pmW233udS4IUQ==",
        "dependencies": {
          "StackExchange.Redis": "2.7.33"
        }
      },
      "Sentry": {
        "type": "Transitive",
        "resolved": "6.0.0",
        "contentHash": "KomDnmKInN30NIaf52UsRYCK/QS8cBe1jV+JslxBzys30wPH0Wv0U20YQ2oJ65P0+XLv0JqNHmgAjN1zDy/fzQ=="
      },
      "Serilog.Extensions.Logging": {
        "type": "Transitive",
        "resolved": "10.0.0",
        "contentHash": "vx0kABKl2dWbBhhqAfTOk53/i8aV/5VaT3a6il9gn72Wqs2pM7EK2OB6No6xdqK2IaY6Zf9gdjLuK9BVa2rT+Q==",
        "dependencies": {
          "Serilog": "4.2.0"
        }
      },
      "Serilog.Sinks.Debug": {
        "type": "Transitive",
        "resolved": "3.0.0",
        "contentHash": "4BzXcdrgRX7wde9PmHuYd9U6YqycCC28hhpKonK7hx0wb19eiuRj16fPcPSVp0o/Y1ipJuNLYQ00R3q2Zs8FDA==",
        "dependencies": {
          "Serilog": "4.0.0"
        }
      },
      "Serilog.Sinks.File": {
        "type": "Transitive",
        "resolved": "7.0.0",
        "contentHash": "fKL7mXv7qaiNBUC71ssvn/dU0k9t0o45+qm2XgKAlSt19xF+ijjxyA3R6HmCgfKEKwfcfkwWjayuQtRueZFkYw==",
        "dependencies": {
          "Serilog": "4.2.0"
        }
      },
      "Snappier": {
        "type": "Transitive",
        "resolved": "1.1.6",
        "contentHash": "aLJu7Q0mVk0e9QwjJLEh70tXQ0Url8fHITrHXwqF+eq7N20jGMOhkmTXUUjpPim+rCm0I4fARcVBRzJPSipN+w=="
      },
      "StackExchange.Redis": {
        "type": "Transitive",
        "resolved": "2.7.33",
        "contentHash": "2kCX5fvhEE824a4Ab5Imyi8DRuGuTxyklXV01kegkRpsWJcPmO6+GAQ+HegKxvXAxlXZ8yaRspvWJ8t3mMClfQ==",
        "dependencies": {
          "Pipelines.Sockets.Unofficial": "2.2.8"
        }
      },
      "StructuredFieldValues": {
        "type": "Transitive",
        "resolved": "0.7.6",
        "contentHash": "4cz+5Oxeb8pN19k0XqaACJYXwMAn25wxRw0h1KL+hcAXOAxGl9ArH7Jx0y3FyPao2VxSAbj0UJUkE8/i8XReoA=="
      },
      "Swashbuckle.AspNetCore.Swagger": {
        "type": "Transitive",
        "resolved": "6.6.2",
        "contentHash": "ovgPTSYX83UrQUWiS5vzDcJ8TEX1MAxBgDFMK45rC24MorHEPQlZAHlaXj/yth4Zf6xcktpUgTEBvffRQVwDKA==",
        "dependencies": {
          "Microsoft.OpenApi": "1.6.14"
        }
      },
      "Swashbuckle.AspNetCore.SwaggerGen": {
        "type": "Transitive",
        "resolved": "6.6.2",
        "contentHash": "zv4ikn4AT1VYuOsDCpktLq4QDq08e7Utzbir86M5/ZkRaLXbCPF11E1/vTmOiDzRTl0zTZINQU2qLKwTcHgfrA==",
        "dependencies": {
          "Swashbuckle.AspNetCore.Swagger": "6.6.2"
        }
      },
      "Swashbuckle.AspNetCore.SwaggerUI": {
        "type": "Transitive",
        "resolved": "6.6.2",
        "contentHash": "mBBb+/8Hm2Q3Wygag+hu2jj69tZW5psuv0vMRXY07Wy+Rrj40vRP8ZTbKBhs91r45/HXT4aY4z0iSBYx1h6JvA=="
      },
      "System.ClientModel": {
        "type": "Transitive",
        "resolved": "1.8.0",
        "contentHash": "AqRzhn0v29GGGLj/Z6gKq4lGNtvPHT4nHdG5PDJh9IfVjv/nYUVmX11hwwws1vDFeIAzrvmn0dPu8IjLtu6fAw==",
        "dependencies": {
          "System.Memory.Data": "8.0.1"
        }
      },
      "System.CodeDom": {
        "type": "Transitive",
        "resolved": "7.0.0",
        "contentHash": "GLltyqEsE5/3IE+zYRP5sNa1l44qKl9v+bfdMcwg+M9qnQf47wK3H0SUR/T+3N4JEQXF3vV4CSuuo0rsg+nq2A=="
      },
      "System.Configuration.ConfigurationManager": {
        "type": "Transitive",
        "resolved": "9.0.4",
        "contentHash": "dvjqKp+2LpGid6phzrdrS/2mmEPxFl3jE1+L7614q4ZChKbLJCpHXg6sBILlCCED1t//EE+un/UdAetzIMpqnw==",
        "dependencies": {
          "System.Security.Cryptography.ProtectedData": "9.0.4"
        }
      },
      "System.IO.Hashing": {
        "type": "Transitive",
        "resolved": "8.0.0",
        "contentHash": "ne1843evDugl0md7Fjzy6QjJrzsjh46ZKbhf8GwBXb5f/gw97J4bxMs0NQKifDuThh/f0bZ0e62NPl1jzTuRqA=="
      },
      "System.Management": {
        "type": "Transitive",
        "resolved": "7.0.2",
        "contentHash": "/qEUN91mP/MUQmJnM5y5BdT7ZoPuVrtxnFlbJ8a3kBJGhe2wCzBfnPFtK2wTtEEcf3DMGR9J00GZZfg6HRI6yA==",
        "dependencies": {
          "System.CodeDom": "7.0.0"
        }
      },
      "System.Memory.Data": {
        "type": "Transitive",
        "resolved": "8.0.1",
        "contentHash": "BVYuec3jV23EMRDeR7Dr1/qhx7369dZzJ9IWy2xylvb4YfXsrUxspWc4UWYid/tj4zZK58uGZqn2WQiaDMhmAg=="
      },
      "System.Reflection.TypeExtensions": {
        "type": "Transitive",
        "resolved": "4.7.0",
        "contentHash": "VybpaOQQhqE6siHppMktjfGBw1GCwvCqiufqmP8F1nj7fTUNtW35LOEt3UZTEsECfo+ELAl/9o9nJx3U91i7vA=="
      },
      "System.Security.Cryptography.Pkcs": {
        "type": "Transitive",
        "resolved": "9.0.4",
        "contentHash": "cUFTcMlz/Qw9s90b2wnWSCvHdjv51Bau9FQqhsr4TlwSe1OX+7SoXUqphis5G74MLOvMOCghxPPlEqOdCrVVGA=="
      },
      "System.Security.Cryptography.ProtectedData": {
        "type": "Transitive",
        "resolved": "9.0.4",
        "contentHash": "o94k2RKuAce3GeDMlUvIXlhVa1kWpJw95E6C9LwW0KlG0nj5+SgCiIxJ2Eroqb9sLtG1mEMbFttZIBZ13EJPvQ=="
      },
      "ZstdSharp.Port": {
        "type": "Transitive",
        "resolved": "0.8.1",
        "contentHash": "19tNz33kn2EkyViFXuxfVn338UJaRmkwBphVqP2dVJIYQUQgFrgG5h061mxkRRg1Ax6r+6WOj1FxaFZ5qaWqqg=="
      },
      "teachingrecordsystem.core": {
        "type": "Project",
        "dependencies": {
          "AngleSharp": "[1.4.0, )",
          "Azure.Storage.Blobs": "[12.26.0, )",
          "Azure.Storage.Files.DataLake": "[12.24.0, )",
          "CloudNative.CloudEvents": "[2.8.0, )",
          "CloudNative.CloudEvents.SystemTextJson": "[2.8.0, )",
          "CsvHelper": "[33.1.0, )",
          "EFCore.BulkExtensions.PostgreSql": "[10.0.0, )",
          "EFCore.NamingConventions": "[10.0.0, )",
          "EntityFrameworkCore.Projectables": "[4.0.0, )",
          "FluentValidation": "[12.1.0, )",
          "Google.Cloud.Storage.V1": "[4.13.0, )",
          "GovukNotify": "[7.2.0, )",
          "Hangfire.Core": "[1.8.22, )",
          "Hangfire.NetCore": "[1.8.22, )",
          "Hangfire.PostgreSql": "[1.20.13, )",
          "IdentityModel": "[6.2.0, )",
          "JetBrains.Annotations": "[2025.2.4, )",
          "Markdig": "[0.45.0, )",
          "Microsoft.Data.SqlClient": "[6.1.3, )",
          "Microsoft.EntityFrameworkCore.InMemory": "[10.0.2, )",
          "Microsoft.EntityFrameworkCore.Relational": "[10.0.2, )",
          "Microsoft.Extensions.Azure": "[1.13.1, )",
          "NSign.Client": "[1.2.2, )",
          "NSign.SignatureProviders": "[1.2.1, )",
          "Npgsql.DependencyInjection": "[10.0.0, )",
          "Npgsql.EntityFrameworkCore.PostgreSQL": "[10.0.0, )",
          "OneOf": "[3.0.271, )",
          "OpenIddict.EntityFrameworkCore": "[7.2.0, )",
          "Optional": "[4.0.0, )",
          "Parquet.Net": "[4.24.0, )",
          "Polly.Core": "[8.6.5, )",
          "Scrutor": "[7.0.0, )",
          "Sentry.Serilog": "[5.16.2, )",
          "Serilog.Expressions": "[5.0.0, )",
          "Serilog.Formatting.Compact": "[3.0.0, )",
          "Serilog.Settings.Configuration": "[10.0.0, )",
          "Serilog.Sinks.Console": "[6.1.1, )",
          "SerilogTimings": "[3.1.0, )",
          "System.Reactive": "[6.1.0, )",
          "dbup-sqlserver": "[5.0.37, )",
          "morelinq": "[4.4.0, )"
        }
      },
      "teachingrecordsystem.webcommon": {
        "type": "Project",
        "dependencies": {
          "AspNetCore.HealthChecks.NpgSql": "[9.0.0, )",
          "AspNetCore.HealthChecks.Redis": "[9.0.0, )",
          "Azure.Extensions.AspNetCore.DataProtection.Blobs": "[1.5.1, )",
          "FluentValidation.AspNetCore": "[11.3.1, )",
          "Hangfire.AspNetCore": "[1.8.22, )",
          "JetBrains.Annotations": "[2025.2.4, )",
          "Microsoft.AspNetCore.Diagnostics.EntityFrameworkCore": "[10.0.2, )",
          "Microsoft.Extensions.Caching.StackExchangeRedis": "[10.0.2, )",
          "Sentry.AspNetCore": "[6.0.0, )",
          "Serilog.AspNetCore": "[10.0.0, )",
          "TeachingRecordSystem.Core": "[1.0.0, )",
          "prometheus-net.AspNetCore": "[8.2.1, )"
        }
      },
      "AngleSharp": {
        "type": "CentralTransitive",
        "requested": "[1.4.0, )",
        "resolved": "1.4.0",
        "contentHash": "6ph8mpaQx0KL0COYRt0kI8MB9gSp1PtKijKMhJU//+aVFgKAJLKDesG/+26JSaVCOrHNgPf12wpfoyRcMYOeXg=="
      },
      "AspNetCore.HealthChecks.NpgSql": {
        "type": "CentralTransitive",
        "requested": "[9.0.0, )",
        "resolved": "9.0.0",
        "contentHash": "npc58/AD5zuVxERdhCl2Kb7WnL37mwX42SJcXIwvmEig0/dugOLg3SIwtfvvh3TnvTwR/sk5LYNkkPaBdks61A==",
        "dependencies": {
          "Npgsql": "8.0.3"
        }
      },
      "AspNetCore.HealthChecks.Redis": {
        "type": "CentralTransitive",
        "requested": "[9.0.0, )",
        "resolved": "9.0.0",
        "contentHash": "yNH0h8GLRbAf+PU5HNVLZ5hNeyq9mDVmRKO9xuZsme/znUYoBJlQvI0gq45gaZNlLncCHkMhR4o90MuT+gxxPw==",
        "dependencies": {
          "StackExchange.Redis": "2.7.4"
        }
      },
      "Azure.Extensions.AspNetCore.DataProtection.Blobs": {
        "type": "CentralTransitive",
        "requested": "[1.5.1, )",
        "resolved": "1.5.1",
        "contentHash": "8Yy2LMuqdEziikD/Xp64/Tx8o71pG22YK3tKdQ7Y297fg2uaLyWAseOyribQLsSuMH2Ma/YGPB6muJ2I/P6PVA==",
        "dependencies": {
          "Azure.Core": "1.46.2",
          "Azure.Storage.Blobs": "12.24.1",
          "Microsoft.Bcl.AsyncInterfaces": "8.0.0"
        }
      },
      "Azure.Storage.Blobs": {
        "type": "CentralTransitive",
        "requested": "[12.26.0, )",
        "resolved": "12.26.0",
        "contentHash": "EBRSHmI0eNzdufcIS1Rf7Ez9M8V1Jl7pMV4UWDERDMCv513KtAVsgz2ez2FQP9Qnwg7uEQrP+Uc7vBtumlr7sQ==",
        "dependencies": {
          "Azure.Core": "1.47.3",
          "Azure.Storage.Common": "12.25.0"
        }
      },
      "Azure.Storage.Files.DataLake": {
        "type": "CentralTransitive",
        "requested": "[12.24.0, )",
        "resolved": "12.24.0",
        "contentHash": "b1i4LL10EBXfBb9pOO9Q0C9lo2CvHkcPeLWw26dyOEZO3cNlNejAbAVYDW1Ct3aG8g1unm2/mSs9MTfyC1IZaw==",
        "dependencies": {
          "Azure.Core": "1.47.3",
          "Azure.Storage.Blobs": "12.26.0",
          "Azure.Storage.Common": "12.25.0"
        }
      },
      "Castle.Core": {
        "type": "CentralTransitive",
        "requested": "[5.1.1, )",
        "resolved": "5.1.1",
        "contentHash": "rpYtIczkzGpf+EkZgDr9CClTdemhsrwA/W5hMoPjLkRFnXzH44zDLoovXeKtmxb1ykXK9aJVODSpiJml8CTw2g=="
      },
      "CloudNative.CloudEvents": {
        "type": "CentralTransitive",
        "requested": "[2.8.0, )",
        "resolved": "2.8.0",
        "contentHash": "RvabvAQV7u3FZcZL5UlRmFz3/T5nMl86GpChpRvHKRHbO+/I4LBcZ0xRqYnNfAh30gM+h/JkSBHEnbhl0zmGtA=="
      },
      "CloudNative.CloudEvents.SystemTextJson": {
        "type": "CentralTransitive",
        "requested": "[2.8.0, )",
        "resolved": "2.8.0",
        "contentHash": "En3Bvf7tTbGyB/AWJIPGw8ksh1OgiSI3cBXmNvuH9+PMR4l0vVRlp9YsTu+gY7S/0VFyJDHP66P3uZHzgsRQ7w==",
        "dependencies": {
          "CloudNative.CloudEvents": "2.8.0"
        }
      },
      "CsvHelper": {
        "type": "CentralTransitive",
        "requested": "[33.1.0, )",
        "resolved": "33.1.0",
        "contentHash": "kqfTOZGrn7NarNeXgjh86JcpTHUoeQDMB8t9NVa/ZtlSYiV1rxfRnQ49WaJsob4AiGrbK0XDzpyKkBwai4F8eg=="
      },
      "dbup-sqlserver": {
        "type": "CentralTransitive",
        "requested": "[5.0.37, )",
        "resolved": "5.0.37",
        "contentHash": "nSmm8ImnqY/cyvlUolyn7cl+xekEe2syq2jb6mpqCsGvDUnJNFTQGE2N0R3wtIDBBc/e/waTMzYvVCgQkLxNnw==",
        "dependencies": {
          "Microsoft.Azure.Services.AppAuthentication": "1.6.2",
          "Microsoft.Data.SqlClient": "5.1.1",
          "dbup-core": "5.0.37"
        }
      },
      "EFCore.BulkExtensions.PostgreSql": {
        "type": "CentralTransitive",
        "requested": "[10.0.0, )",
        "resolved": "10.0.0",
        "contentHash": "QqjE3SDR9U0bFDegc7mBrNjZC3pNwLqnrxE7PuCoOMy7dtBW5Qx1XR3BAebGtb3eHj3kMrdk7WWhdTAYeIR06g==",
        "dependencies": {
          "EFCore.BulkExtensions.Core": "10.0.0",
          "Npgsql.EntityFrameworkCore.PostgreSQL": "10.0.0"
        }
      },
      "EFCore.NamingConventions": {
        "type": "CentralTransitive",
        "requested": "[10.0.0, )",
        "resolved": "10.0.0",
        "contentHash": "gEJLy60tsQaPT69vkNFtyYKd2WcBcPB71vE2IKqAuJfP4UrC3gh4DAMR9+TpUpxGCQyRQ3IOO4SzIb+KfjTw6Q==",
        "dependencies": {
          "Microsoft.EntityFrameworkCore": "[10.0.1, 11.0.0)",
          "Microsoft.EntityFrameworkCore.Relational": "[10.0.1, 11.0.0)"
        }
      },
      "EntityFrameworkCore.Projectables": {
        "type": "CentralTransitive",
        "requested": "[4.0.0, )",
        "resolved": "4.0.0",
        "contentHash": "cT9xTxBuHuXqpkgu8YQJ8l2pdg/zqYf3XywHJHLS6TplQBZoZZDYlZ7O6MM98BaGgJikp2mE6K3SF5Fyj/TqqA==",
        "dependencies": {
          "EntityFrameworkCore.Projectables.Abstractions": "4.0.0",
          "Microsoft.EntityFrameworkCore": "8.0.0"
        }
      },
      "FluentValidation": {
        "type": "CentralTransitive",
        "requested": "[12.1.0, )",
        "resolved": "12.1.0",
        "contentHash": "FqWEn8BdbbFEHGanj9K8SVo+LyBeFWy2rolaE+e1TNUbifr8M7Iss+I1AqTSc8kjKtvjl/WN4XIHiRpslh42bA=="
      },
      "Google.Cloud.Storage.V1": {
        "type": "CentralTransitive",
        "requested": "[4.13.0, )",
        "resolved": "4.13.0",
        "contentHash": "TMHPYZM3o9YtwkvdNqMciECtXzgptFCJUGa8r4MQuY8Y+uBKLvv3/PfijJhATESJw7dQdFcMGm+TOKJfKBfeWA==",
        "dependencies": {
          "Google.Api.Gax.Rest": "[4.9.0, 5.0.0)",
          "Google.Apis.Storage.v1": "[1.69.0.3707, 2.0.0)"
        }
      },
      "GovukNotify": {
        "type": "CentralTransitive",
        "requested": "[7.2.0, )",
        "resolved": "7.2.0",
        "contentHash": "FMGqbjf+WO9uhEgrat9MQ7N1hnAsD3ycn2g24FnPPR3/UNFbIT5PxKDobE/kRRU0rxdx27yWG83FrraszL/+LQ==",
        "dependencies": {
          "JWT": "[7.1.0, 9.0.0)",
          "Newtonsoft.Json": "[10.0.3, 14.0.0)"
        }
      },
      "Hangfire.AspNetCore": {
        "type": "CentralTransitive",
        "requested": "[1.8.22, )",
        "resolved": "1.8.22",
        "contentHash": "Ud5ZNnH9q5+3MryiuPTW7baRERN9QYLyX+8muLwH9BqumoE9eWZRxna9RrunYaMVkNGbTUUuwOfSYIvCC222TQ==",
        "dependencies": {
          "Hangfire.NetCore": "[1.8.22]"
        }
      },
      "Hangfire.Core": {
        "type": "CentralTransitive",
        "requested": "[1.8.22, )",
        "resolved": "1.8.22",
        "contentHash": "fjgEtlfkLNnUcX9IB+fp3gTPtt5G7VJ0PCcoKLEWnXJXn5qTm/mvrm/t3/T+Xj35ZePtbWBm+j2PXE0beFwzbA==",
        "dependencies": {
          "Newtonsoft.Json": "11.0.1"
        }
      },
      "Hangfire.NetCore": {
        "type": "CentralTransitive",
        "requested": "[1.8.22, )",
        "resolved": "1.8.22",
        "contentHash": "I7LiUHpC3ks7k+vLFOdwwCwDHxT83H+Mv6bT+7vkI1SLOc4Vwv2zOWdeeN1K86vddu7R36ho+eKP0gvfYlSZjg==",
        "dependencies": {
          "Hangfire.Core": "[1.8.22]"
        }
      },
      "Hangfire.PostgreSql": {
        "type": "CentralTransitive",
        "requested": "[1.20.13, )",
        "resolved": "1.20.13",
        "contentHash": "+JxVOTQINm/gTNstGYgiJQzjP81lGM86COvaSomSyYbbjDExAcqwc5xflsykMVfBKxMP6C/bH0wWgrlhPS0SMQ==",
        "dependencies": {
          "Dapper": "2.0.123",
          "Hangfire.Core": "1.8.0",
          "Npgsql": "6.0.11"
        }
      },
      "IdentityModel": {
        "type": "CentralTransitive",
        "requested": "[6.2.0, )",
        "resolved": "6.2.0",
        "contentHash": "4AXZ6Tp+DNwrSSeBziiX/231i8ZpD77A9nEMyc68gLSCWG0kgWsIBeFquYcBebiIPkfB7GEXzCYuuLeR1QZJIQ=="
      },
      "Markdig": {
        "type": "CentralTransitive",
        "requested": "[0.45.0, )",
        "resolved": "0.45.0",
        "contentHash": "ObNLcA1b+0lpNNoEg256g9faMeJZi35wZW0AnKJ4nGPJe+5qkwnV26kUvQTHuanFnSX9SdvPzOO41BVJ6XarAg=="
      },
      "Microsoft.AspNetCore.Diagnostics.EntityFrameworkCore": {
        "type": "CentralTransitive",
        "requested": "[10.0.2, )",
        "resolved": "10.0.2",
        "contentHash": "KYaTN5QrdL6OJjLSw81XjQ2mycVTN8JF1ZQZIHKMAz15y76QRCiVD4bUnxL2q9ZKlkerUF4WxuKuqAyP9wC4Lg==",
        "dependencies": {
          "Microsoft.EntityFrameworkCore.Relational": "10.0.2"
        }
      },
      "Microsoft.Data.SqlClient": {
        "type": "CentralTransitive",
        "requested": "[6.1.3, )",
        "resolved": "6.1.3",
        "contentHash": "ys/z8Tx8074CDU20EilNvBRJuJdwKSthpHkzUpt3JghnjB6GjbZusoOcCtNbhPCCWsEJqN8bxaT7HnS3UZuUDQ==",
        "dependencies": {
          "Azure.Core": "1.47.1",
          "Azure.Identity": "1.14.2",
          "Microsoft.Bcl.Cryptography": "9.0.4",
          "Microsoft.Data.SqlClient.SNI.runtime": "6.0.2",
          "Microsoft.IdentityModel.JsonWebTokens": "7.7.1",
          "Microsoft.IdentityModel.Protocols.OpenIdConnect": "7.7.1",
          "Microsoft.SqlServer.Server": "1.0.0",
          "System.Configuration.ConfigurationManager": "9.0.4",
          "System.Security.Cryptography.Pkcs": "9.0.4"
        }
      },
      "Microsoft.EntityFrameworkCore.InMemory": {
        "type": "CentralTransitive",
        "requested": "[10.0.2, )",
        "resolved": "10.0.2",
        "contentHash": "tW3LlDffLljRCGG6w7D1Uz8eI7r+uZ/prpCKutlp+ZILTjxHmkYGYQg+veBbjZ1nZe5vpIr3Z51qMF6rlmdX5A==",
        "dependencies": {
          "Microsoft.EntityFrameworkCore": "10.0.2"
        }
      },
      "Microsoft.EntityFrameworkCore.Relational": {
        "type": "CentralTransitive",
        "requested": "[10.0.2, )",
        "resolved": "10.0.2",
        "contentHash": "1fUeyNmqDNfMogJ2ut7OKO57/WGjjkHMYeX51SpA3PwP7ftbx8g/Z3fbErD+1q14DILrqJfsszYsYhGssBRfDg==",
        "dependencies": {
          "Microsoft.EntityFrameworkCore": "10.0.2"
        }
      },
      "Microsoft.Extensions.Azure": {
        "type": "CentralTransitive",
        "requested": "[1.13.1, )",
        "resolved": "1.13.1",
        "contentHash": "AIP7ud1rcQTRfzgne5Jw0P+zjx8ojGawwRuBVrYWgA/a+TKW3CaoQK/sYUcrbxYSVv6FT8rSwTlMecC0MwEbOQ==",
        "dependencies": {
          "Azure.Core": "1.50.0",
          "Azure.Identity": "1.17.1"
        }
      },
      "Microsoft.Extensions.Caching.StackExchangeRedis": {
        "type": "CentralTransitive",
        "requested": "[10.0.2, )",
        "resolved": "10.0.2",
        "contentHash": "WEx0VM6KVv4Bf6lwe4WQTd4EixIfw38ZU3u/7zMe+uC5fOyiANu8Os/qyiqv2iEsIJb296tbd2E2BTaWIha3Vg==",
        "dependencies": {
          "StackExchange.Redis": "2.7.27"
        }
      },
      "Microsoft.IdentityModel.Protocols.OpenIdConnect": {
        "type": "CentralTransitive",
        "requested": "[8.14.0, )",
        "resolved": "8.0.1",
        "contentHash": "AQDbfpL+yzuuGhO/mQhKNsp44pm5Jv8/BI4KiFXR7beVGZoSH35zMV3PrmcfvSTsyI6qrcR898NzUauD6SRigg==",
        "dependencies": {
          "Microsoft.IdentityModel.Protocols": "8.0.1",
          "System.IdentityModel.Tokens.Jwt": "8.0.1"
        }
      },
      "morelinq": {
        "type": "CentralTransitive",
        "requested": "[4.4.0, )",
        "resolved": "4.4.0",
        "contentHash": "QX3bsK9oFeUXk8tFsc9NkI6NnCr8Ar/ex027p+ZZ/jdLCdX2RlryDtxUqZW5j45NVwn4E4Z4hzupsoMQd6Yxtg=="
      },
      "Npgsql.DependencyInjection": {
        "type": "CentralTransitive",
        "requested": "[10.0.0, )",
        "resolved": "10.0.0",
        "contentHash": "htuxMDQ7nHgadPxoO6XXVvSgYcVierLrhzOoamyUchvC4oHnYdD05zZ0dYsq80DN0vco9t/Vp+ZxYvnfJxbhIg==",
        "dependencies": {
          "Npgsql": "10.0.0"
        }
      },
      "Npgsql.EntityFrameworkCore.PostgreSQL": {
        "type": "CentralTransitive",
        "requested": "[10.0.0, )",
        "resolved": "10.0.0",
        "contentHash": "E2+uSWxSB8LdsUVwPaqRWOcGOP92biry2JEwc0KJMdLJF+aZdczeIdEXVwEyv4nSVMQJH0o8tLhyAMiR6VF0lw==",
        "dependencies": {
          "Microsoft.EntityFrameworkCore": "[10.0.0, 11.0.0)",
          "Microsoft.EntityFrameworkCore.Relational": "[10.0.0, 11.0.0)",
          "Npgsql": "10.0.0"
        }
      },
      "NSign.Client": {
        "type": "CentralTransitive",
        "requested": "[1.2.2, )",
        "resolved": "1.2.2",
        "contentHash": "196JuWJWRYJ44Ag0PPEz7GnAVBndcHdmmS53pkD9kzNI7ieSynb8f2nF5gioCenfZ0XhzycVlsoKE3o/FBsu8A==",
        "dependencies": {
          "NSign.Abstractions": "1.2.2",
          "StructuredFieldValues": "0.7.6"
        }
      },
      "NSign.SignatureProviders": {
        "type": "CentralTransitive",
        "requested": "[1.2.1, )",
        "resolved": "1.2.1",
        "contentHash": "XWqtAV0ZV80R4TYkDFw3jAObtmWmq0qL+yr2uItZn0VHNP9gSnjrgKLI4vct+dDD5DnKmOZGATZ9Uhvc4o34uQ==",
        "dependencies": {
          "NSign.Abstractions": "1.2.1"
        }
      },
      "OneOf": {
        "type": "CentralTransitive",
        "requested": "[3.0.271, )",
        "resolved": "3.0.271",
        "contentHash": "pqpqeK8xQGggExhr4tesVgJkjdn+9HQAO0QgrYV2hFjE3y90okzk1kQMntMiUOGfV7FrCUfKPaVvPBD4IANqKg=="
      },
      "OpenIddict.EntityFrameworkCore": {
        "type": "CentralTransitive",
        "requested": "[7.2.0, )",
        "resolved": "7.2.0",
        "contentHash": "dvahXEFDIYRPH3xy5ZqHklyLQNca4NG6YRPx8f1FWHs+mGCJ1FtM8gqJw3KzUkiRTtKUYzlM8NEcD3BqslEP7g==",
        "dependencies": {
          "Microsoft.EntityFrameworkCore.Relational": "10.0.0",
          "OpenIddict.Core": "7.2.0",
          "OpenIddict.EntityFrameworkCore.Models": "7.2.0"
        }
      },
      "Optional": {
        "type": "CentralTransitive",
        "requested": "[4.0.0, )",
        "resolved": "4.0.0",
        "contentHash": "Q9NdZ39K/tPuV8JDs6ntRxW3idN9J4jSoBK/2ovld+Gh8if4Yhs+OTPvI84mN5YGAI3pzbhLcNUrm+VFKutC3Q=="
      },
      "Parquet.Net": {
        "type": "CentralTransitive",
        "requested": "[4.24.0, )",
        "resolved": "4.24.0",
        "contentHash": "30XaI5kj3llACxFUdCj9TNZkJGqJ3QMjB1ySaHhEMior9cT6C3SygyftzF7eS2I460M07DK6VbGFBWTWRjod8g==",
        "dependencies": {
          "IronCompress": "1.5.2",
          "Microsoft.Data.Analysis": "0.21.1",
          "Microsoft.IO.RecyclableMemoryStream": "3.0.0"
        }
      },
      "Polly.Core": {
        "type": "CentralTransitive",
        "requested": "[8.6.5, )",
        "resolved": "8.6.5",
        "contentHash": "t+sUVrIwvo7UmsgHGgOG9F0GDZSRIm47u2ylH17Gvcv1q5hNEwgD5GoBlFyc0kh/pebmPyrAgvGsR/65ZBaXlg=="
      },
      "prometheus-net.AspNetCore": {
        "type": "CentralTransitive",
        "requested": "[8.2.1, )",
        "resolved": "8.2.1",
        "contentHash": "/4TfTvbwIDqpaKTiWvEsjUywiHYF9zZvGZF5sK15avoDsUO/WPQbKsF8TiMaesuphdFQPK2z52P0zk6j26V0rQ==",
        "dependencies": {
          "prometheus-net": "8.2.1"
        }
      },
      "Scrutor": {
        "type": "CentralTransitive",
        "requested": "[7.0.0, )",
        "resolved": "7.0.0",
        "contentHash": "wHWaroody48jnlLoq/REwUltIFLxplXyHTP+sttrc8P7+jkiVqf38afDidJNv4qgD/6zz2NKOYg06xLZ1bG7wQ==",
        "dependencies": {
          "Microsoft.Extensions.DependencyModel": "10.0.0"
        }
      },
      "Sentry.AspNetCore": {
        "type": "CentralTransitive",
        "requested": "[6.0.0, )",
        "resolved": "6.0.0",
        "contentHash": "PI8Zx2IHI8r88rBn73B/5IXGIAG4LHXECjWhk58IXI/b2iHuBlbJKtv6onzfySOs3TFPhmfRtYkVI5nAYWALVQ==",
        "dependencies": {
          "Sentry.Extensions.Logging": "6.0.0"
        }
      },
      "Sentry.Extensions.Logging": {
        "type": "CentralTransitive",
        "requested": "[5.16.2, )",
        "resolved": "6.0.0",
        "contentHash": "c9jXcKZPq6qTWsg7y8MWgOXuuUxxSR/56xKA/GLNEuqxOUTeJ/pWxR4tgrhQ4oTyZwdTEoNyiZpa3Go9ij7Gaw==",
        "dependencies": {
          "Sentry": "6.0.0"
        }
      },
      "Sentry.Serilog": {
        "type": "CentralTransitive",
        "requested": "[5.16.2, )",
        "resolved": "5.16.2",
        "contentHash": "U+eW1sFpmPGZZhHrsNtvsz0txEFz032c38OlCxAlbygL0YjRyXnyZnNbXxMHnLR8BpJX1OTPyXSbYJ3dbwBdxA==",
        "dependencies": {
          "Sentry": "5.16.2",
          "Serilog": "2.10.0"
        }
      },
      "Serilog": {
        "type": "CentralTransitive",
        "requested": "[3.1.1, )",
        "resolved": "4.3.0",
        "contentHash": "+cDryFR0GRhsGOnZSKwaDzRRl4MupvJ42FhCE4zhQRVanX0Jpg6WuCBk59OVhVDPmab1bB+nRykAnykYELA9qQ=="
      },
      "Serilog.AspNetCore": {
        "type": "CentralTransitive",
        "requested": "[10.0.0, )",
        "resolved": "10.0.0",
        "contentHash": "a/cNa1mY4On1oJlfGG1wAvxjp5g7OEzk/Jf/nm7NF9cWoE7KlZw1GldrifUBWm9oKibHkR7Lg/l5jy3y7ACR8w==",
        "dependencies": {
          "Serilog": "4.3.0",
          "Serilog.Extensions.Hosting": "10.0.0",
          "Serilog.Formatting.Compact": "3.0.0",
          "Serilog.Settings.Configuration": "10.0.0",
          "Serilog.Sinks.Console": "6.1.1",
          "Serilog.Sinks.Debug": "3.0.0",
          "Serilog.Sinks.File": "7.0.0"
        }
      },
      "Serilog.Expressions": {
        "type": "CentralTransitive",
        "requested": "[5.0.0, )",
        "resolved": "5.0.0",
        "contentHash": "QhZjXtUcA2QfQRA60m+DfyIfidKsQV7HBstbYEDqzJKMbJH/KnKthkkjciRuYrmFE+scWv1JibC5LlXrdtOUmw==",
        "dependencies": {
          "Serilog": "4.0.0"
        }
      },
      "Serilog.Extensions.Hosting": {
        "type": "CentralTransitive",
        "requested": "[10.0.0, )",
        "resolved": "10.0.0",
        "contentHash": "E7juuIc+gzoGxgzFooFgAV8g9BfiSXNKsUok9NmEpyAXg2odkcPsMa/Yo4axkJRlh0se7mkYQ1GXDaBemR+b6w==",
        "dependencies": {
          "Serilog": "4.3.0",
          "Serilog.Extensions.Logging": "10.0.0"
        }
      },
      "Serilog.Formatting.Compact": {
        "type": "CentralTransitive",
        "requested": "[3.0.0, )",
        "resolved": "3.0.0",
        "contentHash": "wQsv14w9cqlfB5FX2MZpNsTawckN4a8dryuNGbebB/3Nh1pXnROHZov3swtu3Nj5oNG7Ba+xdu7Et/ulAUPanQ==",
        "dependencies": {
          "Serilog": "4.0.0"
        }
      },
      "Serilog.Settings.Configuration": {
        "type": "CentralTransitive",
        "requested": "[10.0.0, )",
        "resolved": "10.0.0",
        "contentHash": "LNq+ibS1sbhTqPV1FIE69/9AJJbfaOhnaqkzcjFy95o+4U+STsta9mi97f1smgXsWYKICDeGUf8xUGzd/52/uA==",
        "dependencies": {
          "Microsoft.Extensions.DependencyModel": "10.0.0",
          "Serilog": "4.3.0"
        }
      },
      "Serilog.Sinks.Console": {
        "type": "CentralTransitive",
        "requested": "[6.1.1, )",
        "resolved": "6.1.1",
        "contentHash": "8jbqgjUyZlfCuSTaJk6lOca465OndqOz3KZP6Cryt/IqZYybyBu7GP0fE/AXBzrrQB3EBmQntBFAvMVz1COvAA==",
        "dependencies": {
          "Serilog": "4.0.0"
        }
      },
      "SerilogTimings": {
        "type": "CentralTransitive",
        "requested": "[3.1.0, )",
        "resolved": "3.1.0",
        "contentHash": "hCMeW6+4jzbIDwRJulxVsBlAPEtQjZcbVyw8C5yYpI/shQZlYXeSivrjEexeo3nPO/H14wOPoAjE9NDXAWiPxg==",
        "dependencies": {
          "Serilog": "2.10.0"
        }
      },
      "System.Reactive": {
        "type": "CentralTransitive",
        "requested": "[6.1.0, )",
        "resolved": "6.1.0",
        "contentHash": "M5cCC1ZMkZr9jbSQGTHnVkb5TDN67qWCV7AP8TAHdGkvDlu0puT5NzemESNn9+HkYIDpWpocP68/i+/ame2/2w=="
      }
    }
  }
}